
Microsoft Visual Studio Solution File, Format Version 12.00
# Visual Studio Version 17
VisualStudioVersion = 17.6.33723.286
MinimumVisualStudioVersion = 10.0.40219.1
Project("{FAE04EC0-301F-11D3-BF4B-00C04F79EFBC}") = "Udemy.WebServisOrnekUygulamaConsole", "Udemy.WebServisOrnekUygulamaConsole\Udemy.WebServisOrnekUygulamaConsole.csproj", "{051E0A8B-CF2B-4E44-A2A1-60D1E1955566}"
EndProject
Global
	GlobalSection(SolutionConfigurationPlatforms) = preSolution
		Debug|Any CPU = Debug|Any CPU
		Release|Any CPU = Release|Any CPU
	EndGlobalSection
	GlobalSection(ProjectConfigurationPlatforms) = postSolution
		{051E0A8B-CF2B-4E44-A2A1-60D1E1955566}.Debug|Any CPU.ActiveCfg = Debug|Any CPU
		{051E0A8B-CF2B-4E44-A2A1-60D1E1955566}.Debug|Any CPU.Build.0 = Debug|Any CPU
		{051E0A8B-CF2B-4E44-A2A1-60D1E1955566}.Release|Any CPU.ActiveCfg = Release|Any CPU
		{051E0A8B-CF2B-4E44-A2A1-60D1E1955566}.Release|Any CPU.Build.0 = Release|Any CPU
	EndGlobalSection
	GlobalSection(SolutionProperties) = preSolution
		HideSolutionNode = FALSE
	EndGlobalSection
	GlobalSection(ExtensibilityGlobals) = postSolution
		SolutionGuid = {9574F62D-AB36-4F7B-9C04-45AA11817446}
	EndGlobalSection
EndGlobal
