
Microsoft Visual Studio Solution File, Format Version 12.00
# Visual Studio Version 17
VisualStudioVersion = 17.5.33516.290
MinimumVisualStudioVersion = 10.0.40219.1
Project("{2150E333-8FDC-42A3-9474-1A3956D46DE8}") = "5.Bolum", "5.Bolum", "{62E9BD88-F432-42A9-88C9-37E6B086ADB3}"
EndProject
Project("{FAE04EC0-301F-11D3-BF4B-00C04F79EFBC}") = "Inceleme", "Inceleme\Inceleme.csproj", "{8F5D72E2-40D7-4D2B-8A54-DA3CC49AE7D6}"
EndProject
Project("{FAE04EC0-301F-11D3-BF4B-00C04F79EFBC}") = "ConsoleReadLineInceleme", "ConsoleReadLineInceleme\ConsoleReadLineInceleme.csproj", "{A5B47891-00DE-471C-8C09-680E9699B732}"
EndProject
Project("{FAE04EC0-301F-11D3-BF4B-00C04F79EFBC}") = "UygulamaSatirSatirInceleme", "UygulamaSatirSatirInceleme\UygulamaSatirSatirInceleme.csproj", "{9F1F2B77-2AD0-4E29-832E-64D2CDD98EE7}"
EndProject
Project("{2150E333-8FDC-42A3-9474-1A3956D46DE8}") = "6.Bolum", "6.Bolum", "{B4B4F1E0-8A2B-44AB-81E2-D255487A3D00}"
EndProject
Project("{FAE04EC0-301F-11D3-BF4B-00C04F79EFBC}") = "DegiskenNedir", "DegiskenNedir\DegiskenNedir.csproj", "{E267F98C-18DE-46DD-B820-26307C3B2B72}"
EndProject
Project("{FAE04EC0-301F-11D3-BF4B-00C04F79EFBC}") = "MetinselDegiskenler", "MetinselDegiskenler\MetinselDegiskenler.csproj", "{7F21AF72-83AD-42F5-B224-5B00691B2A87}"
EndProject
Project("{FAE04EC0-301F-11D3-BF4B-00C04F79EFBC}") = "KarakterDegiskenTipi", "KarakterDegiskenTipi\KarakterDegiskenTipi.csproj", "{EB08FFD3-6E63-4D45-8854-2554CFA596AB}"
EndProject
Project("{FAE04EC0-301F-11D3-BF4B-00C04F79EFBC}") = "SayisalDegiskenlerTamSayi", "SayisalDegiskenlerTamSayi\SayisalDegiskenlerTamSayi.csproj", "{793D2EE5-5C10-4B92-9371-002A5E097785}"
EndProject
Project("{FAE04EC0-301F-11D3-BF4B-00C04F79EFBC}") = "SayisalDegiskenlerOndalikli", "SayisalDegiskenlerOndalikli\SayisalDegiskenlerOndalikli.csproj", "{23ACCF40-4B36-46C0-BF3D-4D16794DC0EF}"
EndProject
Project("{FAE04EC0-301F-11D3-BF4B-00C04F79EFBC}") = "DegiskenlerMantiksal", "DegiskenlerMantiksal\DegiskenlerMantiksal.csproj", "{9590C625-3E52-44F8-803F-F85BE5620D0E}"
EndProject
Project("{FAE04EC0-301F-11D3-BF4B-00C04F79EFBC}") = "DegiskenZamansal", "DegiskenZamansal\DegiskenZamansal.csproj", "{DD0BBF2B-54A9-4687-97D4-72FC8C45FA73}"
EndProject
Project("{FAE04EC0-301F-11D3-BF4B-00C04F79EFBC}") = "DegiskenlerinDavranislari", "DegiskenlerinDavranislari\DegiskenlerinDavranislari.csproj", "{98433C39-C615-4040-8DEB-0B9E09F4E77C}"
EndProject
Project("{FAE04EC0-301F-11D3-BF4B-00C04F79EFBC}") = "DegiskenFaaliyetAlanlari", "DegiskenFaaliyetAlanlari\DegiskenFaaliyetAlanlari.csproj", "{AA24E6A3-DADD-4724-8BE9-29F3C2017D24}"
EndProject
Project("{FAE04EC0-301F-11D3-BF4B-00C04F79EFBC}") = "DegiskenlerAlistirma1", "DegiskenlerAlistirma1\DegiskenlerAlistirma1.csproj", "{9BC29A3B-3BDB-49D5-91BC-D7FDFAFFC84E}"
EndProject
Project("{FAE04EC0-301F-11D3-BF4B-00C04F79EFBC}") = "TurDonusumuBilincli", "TurDonusumuBilincli\TurDonusumuBilincli.csproj", "{87C53504-30EF-4798-9E62-FEC13B5B6DCB}"
EndProject
Project("{FAE04EC0-301F-11D3-BF4B-00C04F79EFBC}") = "BilincsizTurDonusumu", "BilincsizTurDonusumu\BilincsizTurDonusumu.csproj", "{EA877D18-5787-4094-9ED7-93CDE04972D0}"
EndProject
Project("{FAE04EC0-301F-11D3-BF4B-00C04F79EFBC}") = "ObjectTipi", "ObjectTipi\ObjectTipi.csproj", "{3A1A60C9-3A8B-4E1C-A960-A9348E8AB297}"
EndProject
Project("{FAE04EC0-301F-11D3-BF4B-00C04F79EFBC}") = "StringDonusumu", "StringDonusumu\StringDonusumu.csproj", "{C4DAD9B8-06BF-4ABB-81CA-D4262118832D}"
EndProject
Project("{FAE04EC0-301F-11D3-BF4B-00C04F79EFBC}") = "VarAnahtarKullanimi", "VarAnahtarKullanimi\VarAnahtarKullanimi.csproj", "{808E1F1F-91E4-4B39-82DE-68A6656C66B1}"
EndProject
Project("{FAE04EC0-301F-11D3-BF4B-00C04F79EFBC}") = "DegiskenlerAlistirma3", "DegiskenlerAlistirma3\DegiskenlerAlistirma3.csproj", "{CD83123D-E36A-40E8-9639-307E7B04C518}"
EndProject
Project("{2150E333-8FDC-42A3-9474-1A3956D46DE8}") = "7.Bolum", "7.Bolum", "{AF788BD3-CD5E-453B-8266-F44DB5E022FB}"
EndProject
Project("{FAE04EC0-301F-11D3-BF4B-00C04F79EFBC}") = "AritmatikselOperatorlerCikarma", "AritmatikselOperatorlerCikarma\AritmatikselOperatorlerCikarma.csproj", "{2DB8A55C-C756-4003-BD77-349F60C0FC61}"
EndProject
Project("{FAE04EC0-301F-11D3-BF4B-00C04F79EFBC}") = "AritmatikselOperatorlerCarpma", "AritmatikselOperatorlerCarpma\AritmatikselOperatorlerCarpma.csproj", "{5A1974B3-1607-4201-8A02-AA2F61B96F60}"
EndProject
Project("{FAE04EC0-301F-11D3-BF4B-00C04F79EFBC}") = "AritmatikselOperatorlerBolme", "AritmatikselOperatorlerBolme\AritmatikselOperatorlerBolme.csproj", "{27CB44AD-1CFC-4FC1-9CA5-FB5D1856A1E5}"
EndProject
Project("{FAE04EC0-301F-11D3-BF4B-00C04F79EFBC}") = "OzelOperatorler", "OzelOperatorler\OzelOperatorler.csproj", "{01BE7390-7E12-4ABC-B88D-450F84050031}"
EndProject
Project("{FAE04EC0-301F-11D3-BF4B-00C04F79EFBC}") = "AritmatikselOperatorlerAlistirma2", "AritmatikselOperatorlerAlistirma2\AritmatikselOperatorlerAlistirma2.csproj", "{48EA20C0-FE01-44D0-8651-47DAA5908CB2}"
EndProject
Project("{FAE04EC0-301F-11D3-BF4B-00C04F79EFBC}") = "KarsilastimaOperatorleri", "KarsilastimaOperatorleri\KarsilastimaOperatorleri.csproj", "{28631C78-D967-43B7-9486-67C56480431C}"
EndProject
Project("{FAE04EC0-301F-11D3-BF4B-00C04F79EFBC}") = "KarsilastirmaOperatorleriAlistirma1", "KarsilastirmaOperatorleriAlistirma1\KarsilastirmaOperatorleriAlistirma1.csproj", "{EE323E88-BE0C-4FD5-AEFF-EAD2435FC320}"
EndProject
Project("{FAE04EC0-301F-11D3-BF4B-00C04F79EFBC}") = "KarsilastirmaOperatorleriAlistirma2", "KarsilastirmaOperatorleriAlistirma2\KarsilastirmaOperatorleriAlistirma2.csproj", "{4FF5AE93-22E7-44F3-B75C-A76D13D73AD2}"
EndProject
Project("{FAE04EC0-301F-11D3-BF4B-00C04F79EFBC}") = "MantiksalOperatorVe", "MantiksalOperatorVe\MantiksalOperatorVe.csproj", "{489D1A8E-E6BC-42D3-BE96-952F058196FB}"
EndProject
Project("{FAE04EC0-301F-11D3-BF4B-00C04F79EFBC}") = "MantiksalOperatorVeya", "MantiksalOperatorVeya\MantiksalOperatorVeya.csproj", "{380D75DE-27C0-4DE8-A332-E544F80BE890}"
EndProject
Project("{2150E333-8FDC-42A3-9474-1A3956D46DE8}") = "8.Bolum", "8.Bolum", "{A8D47BFD-62F1-4550-9D51-7B07CA477E2A}"
EndProject
Project("{FAE04EC0-301F-11D3-BF4B-00C04F79EFBC}") = "SwitchCase", "SwitchCase\SwitchCase.csproj", "{2E0A2316-7386-4977-8388-74D5C7944D32}"
EndProject
Project("{FAE04EC0-301F-11D3-BF4B-00C04F79EFBC}") = "KararYapilariAlistirmalar2", "KararYapilariAlistirmalar2\KararYapilariAlistirmalar2.csproj", "{5A01BC08-2D6A-472C-88DF-A1D7DD4BABBB}"
EndProject
Project("{FAE04EC0-301F-11D3-BF4B-00C04F79EFBC}") = "KararYapilariAlistirmalar3", "KararYapilariAlistirmalar3\KararYapilariAlistirmalar3.csproj", "{01EC96EF-4D79-40A8-9FDE-FD6E8135224A}"
EndProject
Project("{FAE04EC0-301F-11D3-BF4B-00C04F79EFBC}") = "DegiskenlerAlistirma2", "DegiskenlerAlistirma2\DegiskenlerAlistirma2.csproj", "{36A17A83-7B80-4AEE-A459-8F0E3D9507E8}"
EndProject
Project("{FAE04EC0-301F-11D3-BF4B-00C04F79EFBC}") = "AritmatikselOperatorlerAlistirma1", "AritmatikselOperatorlerAlistirma1\AritmatikselOperatorlerAlistirma1.csproj", "{AF1A7B63-21AE-4A50-9F2D-30902223DA49}"
EndProject
Project("{FAE04EC0-301F-11D3-BF4B-00C04F79EFBC}") = "KararYapilariIf-ElseIf-Else", "KararYapilariIf-ElseIf-Else\KararYapilariIf-ElseIf-Else.csproj", "{9746ABC8-C62A-40E5-9226-10BBC27A0F84}"
EndProject
Project("{FAE04EC0-301F-11D3-BF4B-00C04F79EFBC}") = "AritmatikselOperatorlerToplama", "AritmatikselOperatorlerToplama\AritmatikselOperatorlerToplama.csproj", "{D2A52A95-0361-4DA4-9094-38A57CBE7FB0}"
EndProject
Project("{FAE04EC0-301F-11D3-BF4B-00C04F79EFBC}") = "KararYapilariAlistirmalar1", "KararYapilariAlistirmalar1\KararYapilariAlistirmalar1.csproj", "{3A046AFD-514C-4ACF-8CC5-2D428E9A5CDC}"
EndProject
Project("{FAE04EC0-301F-11D3-BF4B-00C04F79EFBC}") = "KararYapilariAlistirmalar4", "KararYapilariAlistirmalar4\KararYapilariAlistirmalar4.csproj", "{9120C729-8631-4AF3-A14D-95049EC4226D}"
EndProject
Project("{FAE04EC0-301F-11D3-BF4B-00C04F79EFBC}") = "KararYapilariAlistirmalar5", "KararYapilariAlistirmalar5\KararYapilariAlistirmalar5.csproj", "{D7A22A54-C02F-43D4-BAE6-1169212F78AC}"
EndProject
Project("{2150E333-8FDC-42A3-9474-1A3956D46DE8}") = "9.Bolum", "9.Bolum", "{D3F19E22-A03C-4E8A-8EEE-7580D576011E}"
EndProject
Project("{FAE04EC0-301F-11D3-BF4B-00C04F79EFBC}") = "ForGenelKullanim", "ForGenelKullanim\ForGenelKullanim.csproj", "{AC8C4884-4BA3-4E68-AE92-BA9F79D1F333}"
EndProject
Project("{FAE04EC0-301F-11D3-BF4B-00C04F79EFBC}") = "ForeachGenelKullanimi", "ForeachGenelKullanimi\ForeachGenelKullanimi.csproj", "{6E702D29-0926-45A4-B080-1510EE6DA0C9}"
EndProject
Project("{FAE04EC0-301F-11D3-BF4B-00C04F79EFBC}") = "WhileGenelKullanimi", "WhileGenelKullanimi\WhileGenelKullanimi.csproj", "{9C338053-6E07-4E9D-B0AE-D5E5D0041751}"
EndProject
Project("{FAE04EC0-301F-11D3-BF4B-00C04F79EFBC}") = "DoWhileDongusu", "DoWhileDongusu\DoWhileDongusu.csproj", "{F1C00AFC-1024-4186-82CE-2BD8A565D5A4}"
EndProject
Project("{FAE04EC0-301F-11D3-BF4B-00C04F79EFBC}") = "DoWhileOdev", "DoWhileOdev\DoWhileOdev.csproj", "{F98D440D-48FE-49C8-9570-A8252350E638}"
EndProject
Project("{2150E333-8FDC-42A3-9474-1A3956D46DE8}") = "10.Bolum", "10.Bolum", "{225AAA05-E57E-48C5-ADF2-0BDB7B6438BB}"
EndProject
Project("{FAE04EC0-301F-11D3-BF4B-00C04F79EFBC}") = "DiziNedir", "DiziNedir\DiziNedir.csproj", "{ECF2675F-9A3C-4833-9D46-DE4935685019}"
EndProject
Project("{2150E333-8FDC-42A3-9474-1A3956D46DE8}") = "11.Bolum", "11.Bolum", "{6847D686-5763-4047-BF93-E3DF74C66FDB}"
EndProject
Project("{FAE04EC0-301F-11D3-BF4B-00C04F79EFBC}") = "ArrayListGenelKullanim", "ArrayList\ArrayListGenelKullanim.csproj", "{C9C8FA54-D045-493C-B8AC-733ECF417469}"
EndProject
Project("{FAE04EC0-301F-11D3-BF4B-00C04F79EFBC}") = "ArrayListOdev", "ArrayListOdev\ArrayListOdev.csproj", "{32398A75-00CA-4042-9A62-19383D593D4E}"
EndProject
Project("{FAE04EC0-301F-11D3-BF4B-00C04F79EFBC}") = "HashTableGenelKullanimi", "HashTableGenelKullanimi\HashTableGenelKullanimi.csproj", "{CC8EF278-96B7-4CFE-9F2C-9E343A19AFFC}"
EndProject
Project("{FAE04EC0-301F-11D3-BF4B-00C04F79EFBC}") = "HashTableOdev", "HashTableOdev\HashTableOdev.csproj", "{B074C036-7AA2-4FB2-9095-E4E29AD64345}"
EndProject
Project("{FAE04EC0-301F-11D3-BF4B-00C04F79EFBC}") = "SortedListGenelKullanim", "SortedListGenelKullanim\SortedListGenelKullanim.csproj", "{A4C1F194-7F1A-4E7C-B429-138907FD3420}"
EndProject
Project("{FAE04EC0-301F-11D3-BF4B-00C04F79EFBC}") = "StackGenelKullanimi", "StackGenelKullanimi\StackGenelKullanimi.csproj", "{3B7C9C28-86A3-4ABA-99A6-46723E5794CB}"
EndProject
Project("{FAE04EC0-301F-11D3-BF4B-00C04F79EFBC}") = "QueueGenelKullanimi", "QueueGenelKullanimi\QueueGenelKullanimi.csproj", "{85C3C3B6-AE0F-43AA-9A7B-7DAE9736A4BB}"
EndProject
Project("{2150E333-8FDC-42A3-9474-1A3956D46DE8}") = "12.Bolum", "12.Bolum", "{92EE29FF-2E53-4B2F-B11F-A97C51C863AD}"
EndProject
Project("{FAE04EC0-301F-11D3-BF4B-00C04F79EFBC}") = "MatematikselIslemler", "MatematikselIslemler\MatematikselIslemler.csproj", "{60835766-7696-4381-B842-C5F4F3AFF871}"
EndProject
Project("{FAE04EC0-301F-11D3-BF4B-00C04F79EFBC}") = "MetotGenelTanim", "MetotGenelTanim\MetotGenelTanim.csproj", "{85E89F32-1712-47CD-9782-50CA4AD356C9}"
EndProject
Project("{FAE04EC0-301F-11D3-BF4B-00C04F79EFBC}") = "MetotOdev1", "MetotOdev1\MetotOdev1.csproj", "{055826DC-7B18-4858-A614-591880D18599}"
EndProject
Global
	GlobalSection(SolutionConfigurationPlatforms) = preSolution
		Debug|Any CPU = Debug|Any CPU
		Release|Any CPU = Release|Any CPU
	EndGlobalSection
	GlobalSection(ProjectConfigurationPlatforms) = postSolution
		{8F5D72E2-40D7-4D2B-8A54-DA3CC49AE7D6}.Debug|Any CPU.ActiveCfg = Debug|Any CPU
		{8F5D72E2-40D7-4D2B-8A54-DA3CC49AE7D6}.Debug|Any CPU.Build.0 = Debug|Any CPU
		{8F5D72E2-40D7-4D2B-8A54-DA3CC49AE7D6}.Release|Any CPU.ActiveCfg = Release|Any CPU
		{8F5D72E2-40D7-4D2B-8A54-DA3CC49AE7D6}.Release|Any CPU.Build.0 = Release|Any CPU
		{A5B47891-00DE-471C-8C09-680E9699B732}.Debug|Any CPU.ActiveCfg = Debug|Any CPU
		{A5B47891-00DE-471C-8C09-680E9699B732}.Debug|Any CPU.Build.0 = Debug|Any CPU
		{A5B47891-00DE-471C-8C09-680E9699B732}.Release|Any CPU.ActiveCfg = Release|Any CPU
		{A5B47891-00DE-471C-8C09-680E9699B732}.Release|Any CPU.Build.0 = Release|Any CPU
		{9F1F2B77-2AD0-4E29-832E-64D2CDD98EE7}.Debug|Any CPU.ActiveCfg = Debug|Any CPU
		{9F1F2B77-2AD0-4E29-832E-64D2CDD98EE7}.Debug|Any CPU.Build.0 = Debug|Any CPU
		{9F1F2B77-2AD0-4E29-832E-64D2CDD98EE7}.Release|Any CPU.ActiveCfg = Release|Any CPU
		{9F1F2B77-2AD0-4E29-832E-64D2CDD98EE7}.Release|Any CPU.Build.0 = Release|Any CPU
		{E267F98C-18DE-46DD-B820-26307C3B2B72}.Debug|Any CPU.ActiveCfg = Debug|Any CPU
		{E267F98C-18DE-46DD-B820-26307C3B2B72}.Debug|Any CPU.Build.0 = Debug|Any CPU
		{E267F98C-18DE-46DD-B820-26307C3B2B72}.Release|Any CPU.ActiveCfg = Release|Any CPU
		{E267F98C-18DE-46DD-B820-26307C3B2B72}.Release|Any CPU.Build.0 = Release|Any CPU
		{7F21AF72-83AD-42F5-B224-5B00691B2A87}.Debug|Any CPU.ActiveCfg = Debug|Any CPU
		{7F21AF72-83AD-42F5-B224-5B00691B2A87}.Debug|Any CPU.Build.0 = Debug|Any CPU
		{7F21AF72-83AD-42F5-B224-5B00691B2A87}.Release|Any CPU.ActiveCfg = Release|Any CPU
		{7F21AF72-83AD-42F5-B224-5B00691B2A87}.Release|Any CPU.Build.0 = Release|Any CPU
		{EB08FFD3-6E63-4D45-8854-2554CFA596AB}.Debug|Any CPU.ActiveCfg = Debug|Any CPU
		{EB08FFD3-6E63-4D45-8854-2554CFA596AB}.Debug|Any CPU.Build.0 = Debug|Any CPU
		{EB08FFD3-6E63-4D45-8854-2554CFA596AB}.Release|Any CPU.ActiveCfg = Release|Any CPU
		{EB08FFD3-6E63-4D45-8854-2554CFA596AB}.Release|Any CPU.Build.0 = Release|Any CPU
		{793D2EE5-5C10-4B92-9371-002A5E097785}.Debug|Any CPU.ActiveCfg = Debug|Any CPU
		{793D2EE5-5C10-4B92-9371-002A5E097785}.Debug|Any CPU.Build.0 = Debug|Any CPU
		{793D2EE5-5C10-4B92-9371-002A5E097785}.Release|Any CPU.ActiveCfg = Release|Any CPU
		{793D2EE5-5C10-4B92-9371-002A5E097785}.Release|Any CPU.Build.0 = Release|Any CPU
		{23ACCF40-4B36-46C0-BF3D-4D16794DC0EF}.Debug|Any CPU.ActiveCfg = Debug|Any CPU
		{23ACCF40-4B36-46C0-BF3D-4D16794DC0EF}.Debug|Any CPU.Build.0 = Debug|Any CPU
		{23ACCF40-4B36-46C0-BF3D-4D16794DC0EF}.Release|Any CPU.ActiveCfg = Release|Any CPU
		{23ACCF40-4B36-46C0-BF3D-4D16794DC0EF}.Release|Any CPU.Build.0 = Release|Any CPU
		{9590C625-3E52-44F8-803F-F85BE5620D0E}.Debug|Any CPU.ActiveCfg = Debug|Any CPU
		{9590C625-3E52-44F8-803F-F85BE5620D0E}.Debug|Any CPU.Build.0 = Debug|Any CPU
		{9590C625-3E52-44F8-803F-F85BE5620D0E}.Release|Any CPU.ActiveCfg = Release|Any CPU
		{9590C625-3E52-44F8-803F-F85BE5620D0E}.Release|Any CPU.Build.0 = Release|Any CPU
		{DD0BBF2B-54A9-4687-97D4-72FC8C45FA73}.Debug|Any CPU.ActiveCfg = Debug|Any CPU
		{DD0BBF2B-54A9-4687-97D4-72FC8C45FA73}.Debug|Any CPU.Build.0 = Debug|Any CPU
		{DD0BBF2B-54A9-4687-97D4-72FC8C45FA73}.Release|Any CPU.ActiveCfg = Release|Any CPU
		{DD0BBF2B-54A9-4687-97D4-72FC8C45FA73}.Release|Any CPU.Build.0 = Release|Any CPU
		{98433C39-C615-4040-8DEB-0B9E09F4E77C}.Debug|Any CPU.ActiveCfg = Debug|Any CPU
		{98433C39-C615-4040-8DEB-0B9E09F4E77C}.Debug|Any CPU.Build.0 = Debug|Any CPU
		{98433C39-C615-4040-8DEB-0B9E09F4E77C}.Release|Any CPU.ActiveCfg = Release|Any CPU
		{98433C39-C615-4040-8DEB-0B9E09F4E77C}.Release|Any CPU.Build.0 = Release|Any CPU
		{AA24E6A3-DADD-4724-8BE9-29F3C2017D24}.Debug|Any CPU.ActiveCfg = Debug|Any CPU
		{AA24E6A3-DADD-4724-8BE9-29F3C2017D24}.Debug|Any CPU.Build.0 = Debug|Any CPU
		{AA24E6A3-DADD-4724-8BE9-29F3C2017D24}.Release|Any CPU.ActiveCfg = Release|Any CPU
		{AA24E6A3-DADD-4724-8BE9-29F3C2017D24}.Release|Any CPU.Build.0 = Release|Any CPU
		{9BC29A3B-3BDB-49D5-91BC-D7FDFAFFC84E}.Debug|Any CPU.ActiveCfg = Debug|Any CPU
		{9BC29A3B-3BDB-49D5-91BC-D7FDFAFFC84E}.Debug|Any CPU.Build.0 = Debug|Any CPU
		{9BC29A3B-3BDB-49D5-91BC-D7FDFAFFC84E}.Release|Any CPU.ActiveCfg = Release|Any CPU
		{9BC29A3B-3BDB-49D5-91BC-D7FDFAFFC84E}.Release|Any CPU.Build.0 = Release|Any CPU
		{87C53504-30EF-4798-9E62-FEC13B5B6DCB}.Debug|Any CPU.ActiveCfg = Debug|Any CPU
		{87C53504-30EF-4798-9E62-FEC13B5B6DCB}.Debug|Any CPU.Build.0 = Debug|Any CPU
		{87C53504-30EF-4798-9E62-FEC13B5B6DCB}.Release|Any CPU.ActiveCfg = Release|Any CPU
		{87C53504-30EF-4798-9E62-FEC13B5B6DCB}.Release|Any CPU.Build.0 = Release|Any CPU
		{EA877D18-5787-4094-9ED7-93CDE04972D0}.Debug|Any CPU.ActiveCfg = Debug|Any CPU
		{EA877D18-5787-4094-9ED7-93CDE04972D0}.Debug|Any CPU.Build.0 = Debug|Any CPU
		{EA877D18-5787-4094-9ED7-93CDE04972D0}.Release|Any CPU.ActiveCfg = Release|Any CPU
		{EA877D18-5787-4094-9ED7-93CDE04972D0}.Release|Any CPU.Build.0 = Release|Any CPU
		{3A1A60C9-3A8B-4E1C-A960-A9348E8AB297}.Debug|Any CPU.ActiveCfg = Debug|Any CPU
		{3A1A60C9-3A8B-4E1C-A960-A9348E8AB297}.Debug|Any CPU.Build.0 = Debug|Any CPU
		{3A1A60C9-3A8B-4E1C-A960-A9348E8AB297}.Release|Any CPU.ActiveCfg = Release|Any CPU
		{3A1A60C9-3A8B-4E1C-A960-A9348E8AB297}.Release|Any CPU.Build.0 = Release|Any CPU
		{C4DAD9B8-06BF-4ABB-81CA-D4262118832D}.Debug|Any CPU.ActiveCfg = Debug|Any CPU
		{C4DAD9B8-06BF-4ABB-81CA-D4262118832D}.Debug|Any CPU.Build.0 = Debug|Any CPU
		{C4DAD9B8-06BF-4ABB-81CA-D4262118832D}.Release|Any CPU.ActiveCfg = Release|Any CPU
		{C4DAD9B8-06BF-4ABB-81CA-D4262118832D}.Release|Any CPU.Build.0 = Release|Any CPU
		{808E1F1F-91E4-4B39-82DE-68A6656C66B1}.Debug|Any CPU.ActiveCfg = Debug|Any CPU
		{808E1F1F-91E4-4B39-82DE-68A6656C66B1}.Debug|Any CPU.Build.0 = Debug|Any CPU
		{808E1F1F-91E4-4B39-82DE-68A6656C66B1}.Release|Any CPU.ActiveCfg = Release|Any CPU
		{808E1F1F-91E4-4B39-82DE-68A6656C66B1}.Release|Any CPU.Build.0 = Release|Any CPU
		{CD83123D-E36A-40E8-9639-307E7B04C518}.Debug|Any CPU.ActiveCfg = Debug|Any CPU
		{CD83123D-E36A-40E8-9639-307E7B04C518}.Debug|Any CPU.Build.0 = Debug|Any CPU
		{CD83123D-E36A-40E8-9639-307E7B04C518}.Release|Any CPU.ActiveCfg = Release|Any CPU
		{CD83123D-E36A-40E8-9639-307E7B04C518}.Release|Any CPU.Build.0 = Release|Any CPU
		{2DB8A55C-C756-4003-BD77-349F60C0FC61}.Debug|Any CPU.ActiveCfg = Debug|Any CPU
		{2DB8A55C-C756-4003-BD77-349F60C0FC61}.Debug|Any CPU.Build.0 = Debug|Any CPU
		{2DB8A55C-C756-4003-BD77-349F60C0FC61}.Release|Any CPU.ActiveCfg = Release|Any CPU
		{2DB8A55C-C756-4003-BD77-349F60C0FC61}.Release|Any CPU.Build.0 = Release|Any CPU
		{5A1974B3-1607-4201-8A02-AA2F61B96F60}.Debug|Any CPU.ActiveCfg = Debug|Any CPU
		{5A1974B3-1607-4201-8A02-AA2F61B96F60}.Debug|Any CPU.Build.0 = Debug|Any CPU
		{5A1974B3-1607-4201-8A02-AA2F61B96F60}.Release|Any CPU.ActiveCfg = Release|Any CPU
		{5A1974B3-1607-4201-8A02-AA2F61B96F60}.Release|Any CPU.Build.0 = Release|Any CPU
		{27CB44AD-1CFC-4FC1-9CA5-FB5D1856A1E5}.Debug|Any CPU.ActiveCfg = Debug|Any CPU
		{27CB44AD-1CFC-4FC1-9CA5-FB5D1856A1E5}.Debug|Any CPU.Build.0 = Debug|Any CPU
		{27CB44AD-1CFC-4FC1-9CA5-FB5D1856A1E5}.Release|Any CPU.ActiveCfg = Release|Any CPU
		{27CB44AD-1CFC-4FC1-9CA5-FB5D1856A1E5}.Release|Any CPU.Build.0 = Release|Any CPU
		{01BE7390-7E12-4ABC-B88D-450F84050031}.Debug|Any CPU.ActiveCfg = Debug|Any CPU
		{01BE7390-7E12-4ABC-B88D-450F84050031}.Debug|Any CPU.Build.0 = Debug|Any CPU
		{01BE7390-7E12-4ABC-B88D-450F84050031}.Release|Any CPU.ActiveCfg = Release|Any CPU
		{01BE7390-7E12-4ABC-B88D-450F84050031}.Release|Any CPU.Build.0 = Release|Any CPU
		{48EA20C0-FE01-44D0-8651-47DAA5908CB2}.Debug|Any CPU.ActiveCfg = Debug|Any CPU
		{48EA20C0-FE01-44D0-8651-47DAA5908CB2}.Debug|Any CPU.Build.0 = Debug|Any CPU
		{48EA20C0-FE01-44D0-8651-47DAA5908CB2}.Release|Any CPU.ActiveCfg = Release|Any CPU
		{48EA20C0-FE01-44D0-8651-47DAA5908CB2}.Release|Any CPU.Build.0 = Release|Any CPU
		{28631C78-D967-43B7-9486-67C56480431C}.Debug|Any CPU.ActiveCfg = Debug|Any CPU
		{28631C78-D967-43B7-9486-67C56480431C}.Debug|Any CPU.Build.0 = Debug|Any CPU
		{28631C78-D967-43B7-9486-67C56480431C}.Release|Any CPU.ActiveCfg = Release|Any CPU
		{28631C78-D967-43B7-9486-67C56480431C}.Release|Any CPU.Build.0 = Release|Any CPU
		{EE323E88-BE0C-4FD5-AEFF-EAD2435FC320}.Debug|Any CPU.ActiveCfg = Debug|Any CPU
		{EE323E88-BE0C-4FD5-AEFF-EAD2435FC320}.Debug|Any CPU.Build.0 = Debug|Any CPU
		{EE323E88-BE0C-4FD5-AEFF-EAD2435FC320}.Release|Any CPU.ActiveCfg = Release|Any CPU
		{EE323E88-BE0C-4FD5-AEFF-EAD2435FC320}.Release|Any CPU.Build.0 = Release|Any CPU
		{4FF5AE93-22E7-44F3-B75C-A76D13D73AD2}.Debug|Any CPU.ActiveCfg = Debug|Any CPU
		{4FF5AE93-22E7-44F3-B75C-A76D13D73AD2}.Debug|Any CPU.Build.0 = Debug|Any CPU
		{4FF5AE93-22E7-44F3-B75C-A76D13D73AD2}.Release|Any CPU.ActiveCfg = Release|Any CPU
		{4FF5AE93-22E7-44F3-B75C-A76D13D73AD2}.Release|Any CPU.Build.0 = Release|Any CPU
		{489D1A8E-E6BC-42D3-BE96-952F058196FB}.Debug|Any CPU.ActiveCfg = Debug|Any CPU
		{489D1A8E-E6BC-42D3-BE96-952F058196FB}.Debug|Any CPU.Build.0 = Debug|Any CPU
		{489D1A8E-E6BC-42D3-BE96-952F058196FB}.Release|Any CPU.ActiveCfg = Release|Any CPU
		{489D1A8E-E6BC-42D3-BE96-952F058196FB}.Release|Any CPU.Build.0 = Release|Any CPU
		{380D75DE-27C0-4DE8-A332-E544F80BE890}.Debug|Any CPU.ActiveCfg = Debug|Any CPU
		{380D75DE-27C0-4DE8-A332-E544F80BE890}.Debug|Any CPU.Build.0 = Debug|Any CPU
		{380D75DE-27C0-4DE8-A332-E544F80BE890}.Release|Any CPU.ActiveCfg = Release|Any CPU
		{380D75DE-27C0-4DE8-A332-E544F80BE890}.Release|Any CPU.Build.0 = Release|Any CPU
		{2E0A2316-7386-4977-8388-74D5C7944D32}.Debug|Any CPU.ActiveCfg = Debug|Any CPU
		{2E0A2316-7386-4977-8388-74D5C7944D32}.Debug|Any CPU.Build.0 = Debug|Any CPU
		{2E0A2316-7386-4977-8388-74D5C7944D32}.Release|Any CPU.ActiveCfg = Release|Any CPU
		{2E0A2316-7386-4977-8388-74D5C7944D32}.Release|Any CPU.Build.0 = Release|Any CPU
		{5A01BC08-2D6A-472C-88DF-A1D7DD4BABBB}.Debug|Any CPU.ActiveCfg = Debug|Any CPU
		{5A01BC08-2D6A-472C-88DF-A1D7DD4BABBB}.Debug|Any CPU.Build.0 = Debug|Any CPU
		{5A01BC08-2D6A-472C-88DF-A1D7DD4BABBB}.Release|Any CPU.ActiveCfg = Release|Any CPU
		{5A01BC08-2D6A-472C-88DF-A1D7DD4BABBB}.Release|Any CPU.Build.0 = Release|Any CPU
		{01EC96EF-4D79-40A8-9FDE-FD6E8135224A}.Debug|Any CPU.ActiveCfg = Debug|Any CPU
		{01EC96EF-4D79-40A8-9FDE-FD6E8135224A}.Debug|Any CPU.Build.0 = Debug|Any CPU
		{01EC96EF-4D79-40A8-9FDE-FD6E8135224A}.Release|Any CPU.ActiveCfg = Release|Any CPU
		{01EC96EF-4D79-40A8-9FDE-FD6E8135224A}.Release|Any CPU.Build.0 = Release|Any CPU
		{36A17A83-7B80-4AEE-A459-8F0E3D9507E8}.Debug|Any CPU.ActiveCfg = Debug|Any CPU
		{36A17A83-7B80-4AEE-A459-8F0E3D9507E8}.Debug|Any CPU.Build.0 = Debug|Any CPU
		{36A17A83-7B80-4AEE-A459-8F0E3D9507E8}.Release|Any CPU.ActiveCfg = Release|Any CPU
		{36A17A83-7B80-4AEE-A459-8F0E3D9507E8}.Release|Any CPU.Build.0 = Release|Any CPU
		{AF1A7B63-21AE-4A50-9F2D-30902223DA49}.Debug|Any CPU.ActiveCfg = Debug|Any CPU
		{AF1A7B63-21AE-4A50-9F2D-30902223DA49}.Debug|Any CPU.Build.0 = Debug|Any CPU
		{AF1A7B63-21AE-4A50-9F2D-30902223DA49}.Release|Any CPU.ActiveCfg = Release|Any CPU
		{AF1A7B63-21AE-4A50-9F2D-30902223DA49}.Release|Any CPU.Build.0 = Release|Any CPU
		{9746ABC8-C62A-40E5-9226-10BBC27A0F84}.Debug|Any CPU.ActiveCfg = Debug|Any CPU
		{9746ABC8-C62A-40E5-9226-10BBC27A0F84}.Debug|Any CPU.Build.0 = Debug|Any CPU
		{9746ABC8-C62A-40E5-9226-10BBC27A0F84}.Release|Any CPU.ActiveCfg = Release|Any CPU
		{9746ABC8-C62A-40E5-9226-10BBC27A0F84}.Release|Any CPU.Build.0 = Release|Any CPU
		{D2A52A95-0361-4DA4-9094-38A57CBE7FB0}.Debug|Any CPU.ActiveCfg = Debug|Any CPU
		{D2A52A95-0361-4DA4-9094-38A57CBE7FB0}.Debug|Any CPU.Build.0 = Debug|Any CPU
		{D2A52A95-0361-4DA4-9094-38A57CBE7FB0}.Release|Any CPU.ActiveCfg = Release|Any CPU
		{D2A52A95-0361-4DA4-9094-38A57CBE7FB0}.Release|Any CPU.Build.0 = Release|Any CPU
		{3A046AFD-514C-4ACF-8CC5-2D428E9A5CDC}.Debug|Any CPU.ActiveCfg = Debug|Any CPU
		{3A046AFD-514C-4ACF-8CC5-2D428E9A5CDC}.Debug|Any CPU.Build.0 = Debug|Any CPU
		{3A046AFD-514C-4ACF-8CC5-2D428E9A5CDC}.Release|Any CPU.ActiveCfg = Release|Any CPU
		{3A046AFD-514C-4ACF-8CC5-2D428E9A5CDC}.Release|Any CPU.Build.0 = Release|Any CPU
		{9120C729-8631-4AF3-A14D-95049EC4226D}.Debug|Any CPU.ActiveCfg = Debug|Any CPU
		{9120C729-8631-4AF3-A14D-95049EC4226D}.Debug|Any CPU.Build.0 = Debug|Any CPU
		{9120C729-8631-4AF3-A14D-95049EC4226D}.Release|Any CPU.ActiveCfg = Release|Any CPU
		{9120C729-8631-4AF3-A14D-95049EC4226D}.Release|Any CPU.Build.0 = Release|Any CPU
		{D7A22A54-C02F-43D4-BAE6-1169212F78AC}.Debug|Any CPU.ActiveCfg = Debug|Any CPU
		{D7A22A54-C02F-43D4-BAE6-1169212F78AC}.Debug|Any CPU.Build.0 = Debug|Any CPU
		{D7A22A54-C02F-43D4-BAE6-1169212F78AC}.Release|Any CPU.ActiveCfg = Release|Any CPU
		{D7A22A54-C02F-43D4-BAE6-1169212F78AC}.Release|Any CPU.Build.0 = Release|Any CPU
		{AC8C4884-4BA3-4E68-AE92-BA9F79D1F333}.Debug|Any CPU.ActiveCfg = Debug|Any CPU
		{AC8C4884-4BA3-4E68-AE92-BA9F79D1F333}.Debug|Any CPU.Build.0 = Debug|Any CPU
		{AC8C4884-4BA3-4E68-AE92-BA9F79D1F333}.Release|Any CPU.ActiveCfg = Release|Any CPU
		{AC8C4884-4BA3-4E68-AE92-BA9F79D1F333}.Release|Any CPU.Build.0 = Release|Any CPU
		{6E702D29-0926-45A4-B080-1510EE6DA0C9}.Debug|Any CPU.ActiveCfg = Debug|Any CPU
		{6E702D29-0926-45A4-B080-1510EE6DA0C9}.Debug|Any CPU.Build.0 = Debug|Any CPU
		{6E702D29-0926-45A4-B080-1510EE6DA0C9}.Release|Any CPU.ActiveCfg = Release|Any CPU
		{6E702D29-0926-45A4-B080-1510EE6DA0C9}.Release|Any CPU.Build.0 = Release|Any CPU
		{9C338053-6E07-4E9D-B0AE-D5E5D0041751}.Debug|Any CPU.ActiveCfg = Debug|Any CPU
		{9C338053-6E07-4E9D-B0AE-D5E5D0041751}.Debug|Any CPU.Build.0 = Debug|Any CPU
		{9C338053-6E07-4E9D-B0AE-D5E5D0041751}.Release|Any CPU.ActiveCfg = Release|Any CPU
		{9C338053-6E07-4E9D-B0AE-D5E5D0041751}.Release|Any CPU.Build.0 = Release|Any CPU
		{F1C00AFC-1024-4186-82CE-2BD8A565D5A4}.Debug|Any CPU.ActiveCfg = Debug|Any CPU
		{F1C00AFC-1024-4186-82CE-2BD8A565D5A4}.Debug|Any CPU.Build.0 = Debug|Any CPU
		{F1C00AFC-1024-4186-82CE-2BD8A565D5A4}.Release|Any CPU.ActiveCfg = Release|Any CPU
		{F1C00AFC-1024-4186-82CE-2BD8A565D5A4}.Release|Any CPU.Build.0 = Release|Any CPU
		{F98D440D-48FE-49C8-9570-A8252350E638}.Debug|Any CPU.ActiveCfg = Debug|Any CPU
		{F98D440D-48FE-49C8-9570-A8252350E638}.Debug|Any CPU.Build.0 = Debug|Any CPU
		{F98D440D-48FE-49C8-9570-A8252350E638}.Release|Any CPU.ActiveCfg = Release|Any CPU
		{F98D440D-48FE-49C8-9570-A8252350E638}.Release|Any CPU.Build.0 = Release|Any CPU
		{ECF2675F-9A3C-4833-9D46-DE4935685019}.Debug|Any CPU.ActiveCfg = Debug|Any CPU
		{ECF2675F-9A3C-4833-9D46-DE4935685019}.Debug|Any CPU.Build.0 = Debug|Any CPU
		{ECF2675F-9A3C-4833-9D46-DE4935685019}.Release|Any CPU.ActiveCfg = Release|Any CPU
		{ECF2675F-9A3C-4833-9D46-DE4935685019}.Release|Any CPU.Build.0 = Release|Any CPU
		{C9C8FA54-D045-493C-B8AC-733ECF417469}.Debug|Any CPU.ActiveCfg = Debug|Any CPU
		{C9C8FA54-D045-493C-B8AC-733ECF417469}.Debug|Any CPU.Build.0 = Debug|Any CPU
		{C9C8FA54-D045-493C-B8AC-733ECF417469}.Release|Any CPU.ActiveCfg = Release|Any CPU
		{C9C8FA54-D045-493C-B8AC-733ECF417469}.Release|Any CPU.Build.0 = Release|Any CPU
		{32398A75-00CA-4042-9A62-19383D593D4E}.Debug|Any CPU.ActiveCfg = Debug|Any CPU
		{32398A75-00CA-4042-9A62-19383D593D4E}.Debug|Any CPU.Build.0 = Debug|Any CPU
		{32398A75-00CA-4042-9A62-19383D593D4E}.Release|Any CPU.ActiveCfg = Release|Any CPU
		{32398A75-00CA-4042-9A62-19383D593D4E}.Release|Any CPU.Build.0 = Release|Any CPU
		{CC8EF278-96B7-4CFE-9F2C-9E343A19AFFC}.Debug|Any CPU.ActiveCfg = Debug|Any CPU
		{CC8EF278-96B7-4CFE-9F2C-9E343A19AFFC}.Debug|Any CPU.Build.0 = Debug|Any CPU
		{CC8EF278-96B7-4CFE-9F2C-9E343A19AFFC}.Release|Any CPU.ActiveCfg = Release|Any CPU
		{CC8EF278-96B7-4CFE-9F2C-9E343A19AFFC}.Release|Any CPU.Build.0 = Release|Any CPU
		{B074C036-7AA2-4FB2-9095-E4E29AD64345}.Debug|Any CPU.ActiveCfg = Debug|Any CPU
		{B074C036-7AA2-4FB2-9095-E4E29AD64345}.Debug|Any CPU.Build.0 = Debug|Any CPU
		{B074C036-7AA2-4FB2-9095-E4E29AD64345}.Release|Any CPU.ActiveCfg = Release|Any CPU
		{B074C036-7AA2-4FB2-9095-E4E29AD64345}.Release|Any CPU.Build.0 = Release|Any CPU
		{A4C1F194-7F1A-4E7C-B429-138907FD3420}.Debug|Any CPU.ActiveCfg = Debug|Any CPU
		{A4C1F194-7F1A-4E7C-B429-138907FD3420}.Debug|Any CPU.Build.0 = Debug|Any CPU
		{A4C1F194-7F1A-4E7C-B429-138907FD3420}.Release|Any CPU.ActiveCfg = Release|Any CPU
		{A4C1F194-7F1A-4E7C-B429-138907FD3420}.Release|Any CPU.Build.0 = Release|Any CPU
		{3B7C9C28-86A3-4ABA-99A6-46723E5794CB}.Debug|Any CPU.ActiveCfg = Debug|Any CPU
		{3B7C9C28-86A3-4ABA-99A6-46723E5794CB}.Debug|Any CPU.Build.0 = Debug|Any CPU
		{3B7C9C28-86A3-4ABA-99A6-46723E5794CB}.Release|Any CPU.ActiveCfg = Release|Any CPU
		{3B7C9C28-86A3-4ABA-99A6-46723E5794CB}.Release|Any CPU.Build.0 = Release|Any CPU
		{85C3C3B6-AE0F-43AA-9A7B-7DAE9736A4BB}.Debug|Any CPU.ActiveCfg = Debug|Any CPU
		{85C3C3B6-AE0F-43AA-9A7B-7DAE9736A4BB}.Debug|Any CPU.Build.0 = Debug|Any CPU
		{85C3C3B6-AE0F-43AA-9A7B-7DAE9736A4BB}.Release|Any CPU.ActiveCfg = Release|Any CPU
		{85C3C3B6-AE0F-43AA-9A7B-7DAE9736A4BB}.Release|Any CPU.Build.0 = Release|Any CPU
		{60835766-7696-4381-B842-C5F4F3AFF871}.Debug|Any CPU.ActiveCfg = Debug|Any CPU
		{60835766-7696-4381-B842-C5F4F3AFF871}.Debug|Any CPU.Build.0 = Debug|Any CPU
		{60835766-7696-4381-B842-C5F4F3AFF871}.Release|Any CPU.ActiveCfg = Release|Any CPU
		{60835766-7696-4381-B842-C5F4F3AFF871}.Release|Any CPU.Build.0 = Release|Any CPU
		{85E89F32-1712-47CD-9782-50CA4AD356C9}.Debug|Any CPU.ActiveCfg = Debug|Any CPU
		{85E89F32-1712-47CD-9782-50CA4AD356C9}.Debug|Any CPU.Build.0 = Debug|Any CPU
		{85E89F32-1712-47CD-9782-50CA4AD356C9}.Release|Any CPU.ActiveCfg = Release|Any CPU
		{85E89F32-1712-47CD-9782-50CA4AD356C9}.Release|Any CPU.Build.0 = Release|Any CPU
		{055826DC-7B18-4858-A614-591880D18599}.Debug|Any CPU.ActiveCfg = Debug|Any CPU
		{055826DC-7B18-4858-A614-591880D18599}.Debug|Any CPU.Build.0 = Debug|Any CPU
		{055826DC-7B18-4858-A614-591880D18599}.Release|Any CPU.ActiveCfg = Release|Any CPU
		{055826DC-7B18-4858-A614-591880D18599}.Release|Any CPU.Build.0 = Release|Any CPU
	EndGlobalSection
	GlobalSection(SolutionProperties) = preSolution
		HideSolutionNode = FALSE
	EndGlobalSection
	GlobalSection(NestedProjects) = preSolution
		{8F5D72E2-40D7-4D2B-8A54-DA3CC49AE7D6} = {62E9BD88-F432-42A9-88C9-37E6B086ADB3}
		{A5B47891-00DE-471C-8C09-680E9699B732} = {62E9BD88-F432-42A9-88C9-37E6B086ADB3}
		{9F1F2B77-2AD0-4E29-832E-64D2CDD98EE7} = {62E9BD88-F432-42A9-88C9-37E6B086ADB3}
		{E267F98C-18DE-46DD-B820-26307C3B2B72} = {B4B4F1E0-8A2B-44AB-81E2-D255487A3D00}
		{7F21AF72-83AD-42F5-B224-5B00691B2A87} = {B4B4F1E0-8A2B-44AB-81E2-D255487A3D00}
		{EB08FFD3-6E63-4D45-8854-2554CFA596AB} = {B4B4F1E0-8A2B-44AB-81E2-D255487A3D00}
		{793D2EE5-5C10-4B92-9371-002A5E097785} = {B4B4F1E0-8A2B-44AB-81E2-D255487A3D00}
		{23ACCF40-4B36-46C0-BF3D-4D16794DC0EF} = {B4B4F1E0-8A2B-44AB-81E2-D255487A3D00}
		{9590C625-3E52-44F8-803F-F85BE5620D0E} = {B4B4F1E0-8A2B-44AB-81E2-D255487A3D00}
		{DD0BBF2B-54A9-4687-97D4-72FC8C45FA73} = {B4B4F1E0-8A2B-44AB-81E2-D255487A3D00}
		{98433C39-C615-4040-8DEB-0B9E09F4E77C} = {B4B4F1E0-8A2B-44AB-81E2-D255487A3D00}
		{AA24E6A3-DADD-4724-8BE9-29F3C2017D24} = {B4B4F1E0-8A2B-44AB-81E2-D255487A3D00}
		{9BC29A3B-3BDB-49D5-91BC-D7FDFAFFC84E} = {B4B4F1E0-8A2B-44AB-81E2-D255487A3D00}
		{87C53504-30EF-4798-9E62-FEC13B5B6DCB} = {B4B4F1E0-8A2B-44AB-81E2-D255487A3D00}
		{EA877D18-5787-4094-9ED7-93CDE04972D0} = {B4B4F1E0-8A2B-44AB-81E2-D255487A3D00}
		{3A1A60C9-3A8B-4E1C-A960-A9348E8AB297} = {B4B4F1E0-8A2B-44AB-81E2-D255487A3D00}
		{C4DAD9B8-06BF-4ABB-81CA-D4262118832D} = {B4B4F1E0-8A2B-44AB-81E2-D255487A3D00}
		{808E1F1F-91E4-4B39-82DE-68A6656C66B1} = {B4B4F1E0-8A2B-44AB-81E2-D255487A3D00}
		{CD83123D-E36A-40E8-9639-307E7B04C518} = {B4B4F1E0-8A2B-44AB-81E2-D255487A3D00}
		{2DB8A55C-C756-4003-BD77-349F60C0FC61} = {AF788BD3-CD5E-453B-8266-F44DB5E022FB}
		{5A1974B3-1607-4201-8A02-AA2F61B96F60} = {AF788BD3-CD5E-453B-8266-F44DB5E022FB}
		{27CB44AD-1CFC-4FC1-9CA5-FB5D1856A1E5} = {AF788BD3-CD5E-453B-8266-F44DB5E022FB}
		{01BE7390-7E12-4ABC-B88D-450F84050031} = {AF788BD3-CD5E-453B-8266-F44DB5E022FB}
		{48EA20C0-FE01-44D0-8651-47DAA5908CB2} = {AF788BD3-CD5E-453B-8266-F44DB5E022FB}
		{28631C78-D967-43B7-9486-67C56480431C} = {AF788BD3-CD5E-453B-8266-F44DB5E022FB}
		{EE323E88-BE0C-4FD5-AEFF-EAD2435FC320} = {AF788BD3-CD5E-453B-8266-F44DB5E022FB}
		{4FF5AE93-22E7-44F3-B75C-A76D13D73AD2} = {AF788BD3-CD5E-453B-8266-F44DB5E022FB}
		{489D1A8E-E6BC-42D3-BE96-952F058196FB} = {AF788BD3-CD5E-453B-8266-F44DB5E022FB}
		{380D75DE-27C0-4DE8-A332-E544F80BE890} = {AF788BD3-CD5E-453B-8266-F44DB5E022FB}
		{2E0A2316-7386-4977-8388-74D5C7944D32} = {A8D47BFD-62F1-4550-9D51-7B07CA477E2A}
		{5A01BC08-2D6A-472C-88DF-A1D7DD4BABBB} = {A8D47BFD-62F1-4550-9D51-7B07CA477E2A}
		{01EC96EF-4D79-40A8-9FDE-FD6E8135224A} = {A8D47BFD-62F1-4550-9D51-7B07CA477E2A}
		{36A17A83-7B80-4AEE-A459-8F0E3D9507E8} = {B4B4F1E0-8A2B-44AB-81E2-D255487A3D00}
		{AF1A7B63-21AE-4A50-9F2D-30902223DA49} = {AF788BD3-CD5E-453B-8266-F44DB5E022FB}
		{9746ABC8-C62A-40E5-9226-10BBC27A0F84} = {A8D47BFD-62F1-4550-9D51-7B07CA477E2A}
		{D2A52A95-0361-4DA4-9094-38A57CBE7FB0} = {AF788BD3-CD5E-453B-8266-F44DB5E022FB}
		{3A046AFD-514C-4ACF-8CC5-2D428E9A5CDC} = {A8D47BFD-62F1-4550-9D51-7B07CA477E2A}
		{9120C729-8631-4AF3-A14D-95049EC4226D} = {A8D47BFD-62F1-4550-9D51-7B07CA477E2A}
		{D7A22A54-C02F-43D4-BAE6-1169212F78AC} = {A8D47BFD-62F1-4550-9D51-7B07CA477E2A}
		{AC8C4884-4BA3-4E68-AE92-BA9F79D1F333} = {D3F19E22-A03C-4E8A-8EEE-7580D576011E}
		{6E702D29-0926-45A4-B080-1510EE6DA0C9} = {D3F19E22-A03C-4E8A-8EEE-7580D576011E}
		{9C338053-6E07-4E9D-B0AE-D5E5D0041751} = {D3F19E22-A03C-4E8A-8EEE-7580D576011E}
		{F1C00AFC-1024-4186-82CE-2BD8A565D5A4} = {D3F19E22-A03C-4E8A-8EEE-7580D576011E}
		{F98D440D-48FE-49C8-9570-A8252350E638} = {D3F19E22-A03C-4E8A-8EEE-7580D576011E}
		{ECF2675F-9A3C-4833-9D46-DE4935685019} = {225AAA05-E57E-48C5-ADF2-0BDB7B6438BB}
		{C9C8FA54-D045-493C-B8AC-733ECF417469} = {6847D686-5763-4047-BF93-E3DF74C66FDB}
		{32398A75-00CA-4042-9A62-19383D593D4E} = {6847D686-5763-4047-BF93-E3DF74C66FDB}
		{CC8EF278-96B7-4CFE-9F2C-9E343A19AFFC} = {6847D686-5763-4047-BF93-E3DF74C66FDB}
		{B074C036-7AA2-4FB2-9095-E4E29AD64345} = {6847D686-5763-4047-BF93-E3DF74C66FDB}
		{A4C1F194-7F1A-4E7C-B429-138907FD3420} = {6847D686-5763-4047-BF93-E3DF74C66FDB}
		{3B7C9C28-86A3-4ABA-99A6-46723E5794CB} = {6847D686-5763-4047-BF93-E3DF74C66FDB}
		{85C3C3B6-AE0F-43AA-9A7B-7DAE9736A4BB} = {6847D686-5763-4047-BF93-E3DF74C66FDB}
		{60835766-7696-4381-B842-C5F4F3AFF871} = {92EE29FF-2E53-4B2F-B11F-A97C51C863AD}
		{85E89F32-1712-47CD-9782-50CA4AD356C9} = {92EE29FF-2E53-4B2F-B11F-A97C51C863AD}
		{055826DC-7B18-4858-A614-591880D18599} = {92EE29FF-2E53-4B2F-B11F-A97C51C863AD}
	EndGlobalSection
	GlobalSection(ExtensibilityGlobals) = postSolution
		SolutionGuid = {C5E4B29E-10B3-45A3-BEC5-A6FE4C1A4095}
	EndGlobalSection
EndGlobal
