
Microsoft Visual Studio Solution File, Format Version 12.00
# Visual Studio Version 17
VisualStudioVersion = 17.5.33516.290
MinimumVisualStudioVersion = 10.0.40219.1
Project("{2150E333-8FDC-42A3-9474-1A3956D46DE8}") = "05.Bolum", "05.Bolum", "{62E9BD88-F432-42A9-88C9-37E6B086ADB3}"
EndProject
Project("{FAE04EC0-301F-11D3-BF4B-00C04F79EFBC}") = "Inceleme", "Inceleme\Inceleme.csproj", "{8F5D72E2-40D7-4D2B-8A54-DA3CC49AE7D6}"
EndProject
Project("{FAE04EC0-301F-11D3-BF4B-00C04F79EFBC}") = "ConsoleReadLineInceleme", "ConsoleReadLineInceleme\ConsoleReadLineInceleme.csproj", "{A5B47891-00DE-471C-8C09-680E9699B732}"
EndProject
Project("{FAE04EC0-301F-11D3-BF4B-00C04F79EFBC}") = "UygulamaSatirSatirInceleme", "UygulamaSatirSatirInceleme\UygulamaSatirSatirInceleme.csproj", "{9F1F2B77-2AD0-4E29-832E-64D2CDD98EE7}"
EndProject
Project("{2150E333-8FDC-42A3-9474-1A3956D46DE8}") = "06.Bolum", "06.Bolum", "{B4B4F1E0-8A2B-44AB-81E2-D255487A3D00}"
EndProject
Project("{FAE04EC0-301F-11D3-BF4B-00C04F79EFBC}") = "DegiskenNedir", "DegiskenNedir\DegiskenNedir.csproj", "{E267F98C-18DE-46DD-B820-26307C3B2B72}"
EndProject
Project("{FAE04EC0-301F-11D3-BF4B-00C04F79EFBC}") = "MetinselDegiskenler", "MetinselDegiskenler\MetinselDegiskenler.csproj", "{7F21AF72-83AD-42F5-B224-5B00691B2A87}"
EndProject
Project("{FAE04EC0-301F-11D3-BF4B-00C04F79EFBC}") = "KarakterDegiskenTipi", "KarakterDegiskenTipi\KarakterDegiskenTipi.csproj", "{EB08FFD3-6E63-4D45-8854-2554CFA596AB}"
EndProject
Project("{FAE04EC0-301F-11D3-BF4B-00C04F79EFBC}") = "SayisalDegiskenlerTamSayi", "SayisalDegiskenlerTamSayi\SayisalDegiskenlerTamSayi.csproj", "{793D2EE5-5C10-4B92-9371-002A5E097785}"
EndProject
Project("{FAE04EC0-301F-11D3-BF4B-00C04F79EFBC}") = "SayisalDegiskenlerOndalikli", "SayisalDegiskenlerOndalikli\SayisalDegiskenlerOndalikli.csproj", "{23ACCF40-4B36-46C0-BF3D-4D16794DC0EF}"
EndProject
Project("{FAE04EC0-301F-11D3-BF4B-00C04F79EFBC}") = "DegiskenlerMantiksal", "DegiskenlerMantiksal\DegiskenlerMantiksal.csproj", "{9590C625-3E52-44F8-803F-F85BE5620D0E}"
EndProject
Project("{FAE04EC0-301F-11D3-BF4B-00C04F79EFBC}") = "DegiskenZamansal", "DegiskenZamansal\DegiskenZamansal.csproj", "{DD0BBF2B-54A9-4687-97D4-72FC8C45FA73}"
EndProject
Project("{FAE04EC0-301F-11D3-BF4B-00C04F79EFBC}") = "DegiskenlerinDavranislari", "DegiskenlerinDavranislari\DegiskenlerinDavranislari.csproj", "{98433C39-C615-4040-8DEB-0B9E09F4E77C}"
EndProject
Project("{FAE04EC0-301F-11D3-BF4B-00C04F79EFBC}") = "DegiskenFaaliyetAlanlari", "DegiskenFaaliyetAlanlari\DegiskenFaaliyetAlanlari.csproj", "{AA24E6A3-DADD-4724-8BE9-29F3C2017D24}"
EndProject
Project("{FAE04EC0-301F-11D3-BF4B-00C04F79EFBC}") = "DegiskenlerAlistirma1", "DegiskenlerAlistirma1\DegiskenlerAlistirma1.csproj", "{9BC29A3B-3BDB-49D5-91BC-D7FDFAFFC84E}"
EndProject
Project("{FAE04EC0-301F-11D3-BF4B-00C04F79EFBC}") = "TurDonusumuBilincli", "TurDonusumuBilincli\TurDonusumuBilincli.csproj", "{87C53504-30EF-4798-9E62-FEC13B5B6DCB}"
EndProject
Project("{FAE04EC0-301F-11D3-BF4B-00C04F79EFBC}") = "BilincsizTurDonusumu", "BilincsizTurDonusumu\BilincsizTurDonusumu.csproj", "{EA877D18-5787-4094-9ED7-93CDE04972D0}"
EndProject
Project("{FAE04EC0-301F-11D3-BF4B-00C04F79EFBC}") = "ObjectTipi", "ObjectTipi\ObjectTipi.csproj", "{3A1A60C9-3A8B-4E1C-A960-A9348E8AB297}"
EndProject
Project("{FAE04EC0-301F-11D3-BF4B-00C04F79EFBC}") = "StringDonusumu", "StringDonusumu\StringDonusumu.csproj", "{C4DAD9B8-06BF-4ABB-81CA-D4262118832D}"
EndProject
Project("{FAE04EC0-301F-11D3-BF4B-00C04F79EFBC}") = "VarAnahtarKullanimi", "VarAnahtarKullanimi\VarAnahtarKullanimi.csproj", "{808E1F1F-91E4-4B39-82DE-68A6656C66B1}"
EndProject
Project("{FAE04EC0-301F-11D3-BF4B-00C04F79EFBC}") = "DegiskenlerAlistirma3", "DegiskenlerAlistirma3\DegiskenlerAlistirma3.csproj", "{CD83123D-E36A-40E8-9639-307E7B04C518}"
EndProject
Project("{2150E333-8FDC-42A3-9474-1A3956D46DE8}") = "07.Bolum", "07.Bolum", "{AF788BD3-CD5E-453B-8266-F44DB5E022FB}"
EndProject
Project("{FAE04EC0-301F-11D3-BF4B-00C04F79EFBC}") = "AritmatikselOperatorlerCikarma", "AritmatikselOperatorlerCikarma\AritmatikselOperatorlerCikarma.csproj", "{2DB8A55C-C756-4003-BD77-349F60C0FC61}"
EndProject
Project("{FAE04EC0-301F-11D3-BF4B-00C04F79EFBC}") = "AritmatikselOperatorlerCarpma", "AritmatikselOperatorlerCarpma\AritmatikselOperatorlerCarpma.csproj", "{5A1974B3-1607-4201-8A02-AA2F61B96F60}"
EndProject
Project("{FAE04EC0-301F-11D3-BF4B-00C04F79EFBC}") = "AritmatikselOperatorlerBolme", "AritmatikselOperatorlerBolme\AritmatikselOperatorlerBolme.csproj", "{27CB44AD-1CFC-4FC1-9CA5-FB5D1856A1E5}"
EndProject
Project("{FAE04EC0-301F-11D3-BF4B-00C04F79EFBC}") = "OzelOperatorler", "OzelOperatorler\OzelOperatorler.csproj", "{01BE7390-7E12-4ABC-B88D-450F84050031}"
EndProject
Project("{FAE04EC0-301F-11D3-BF4B-00C04F79EFBC}") = "AritmatikselOperatorlerAlistirma2", "AritmatikselOperatorlerAlistirma2\AritmatikselOperatorlerAlistirma2.csproj", "{48EA20C0-FE01-44D0-8651-47DAA5908CB2}"
EndProject
Project("{FAE04EC0-301F-11D3-BF4B-00C04F79EFBC}") = "KarsilastimaOperatorleri", "KarsilastimaOperatorleri\KarsilastimaOperatorleri.csproj", "{28631C78-D967-43B7-9486-67C56480431C}"
EndProject
Project("{FAE04EC0-301F-11D3-BF4B-00C04F79EFBC}") = "KarsilastirmaOperatorleriAlistirma1", "KarsilastirmaOperatorleriAlistirma1\KarsilastirmaOperatorleriAlistirma1.csproj", "{EE323E88-BE0C-4FD5-AEFF-EAD2435FC320}"
EndProject
Project("{FAE04EC0-301F-11D3-BF4B-00C04F79EFBC}") = "KarsilastirmaOperatorleriAlistirma2", "KarsilastirmaOperatorleriAlistirma2\KarsilastirmaOperatorleriAlistirma2.csproj", "{4FF5AE93-22E7-44F3-B75C-A76D13D73AD2}"
EndProject
Project("{FAE04EC0-301F-11D3-BF4B-00C04F79EFBC}") = "MantiksalOperatorVe", "MantiksalOperatorVe\MantiksalOperatorVe.csproj", "{489D1A8E-E6BC-42D3-BE96-952F058196FB}"
EndProject
Project("{FAE04EC0-301F-11D3-BF4B-00C04F79EFBC}") = "MantiksalOperatorVeya", "MantiksalOperatorVeya\MantiksalOperatorVeya.csproj", "{380D75DE-27C0-4DE8-A332-E544F80BE890}"
EndProject
Project("{2150E333-8FDC-42A3-9474-1A3956D46DE8}") = "08.Bolum", "08.Bolum", "{A8D47BFD-62F1-4550-9D51-7B07CA477E2A}"
EndProject
Project("{FAE04EC0-301F-11D3-BF4B-00C04F79EFBC}") = "SwitchCase", "SwitchCase\SwitchCase.csproj", "{2E0A2316-7386-4977-8388-74D5C7944D32}"
EndProject
Project("{FAE04EC0-301F-11D3-BF4B-00C04F79EFBC}") = "KararYapilariAlistirmalar2", "KararYapilariAlistirmalar2\KararYapilariAlistirmalar2.csproj", "{5A01BC08-2D6A-472C-88DF-A1D7DD4BABBB}"
EndProject
Project("{FAE04EC0-301F-11D3-BF4B-00C04F79EFBC}") = "KararYapilariAlistirmalar3", "KararYapilariAlistirmalar3\KararYapilariAlistirmalar3.csproj", "{01EC96EF-4D79-40A8-9FDE-FD6E8135224A}"
EndProject
Project("{FAE04EC0-301F-11D3-BF4B-00C04F79EFBC}") = "DegiskenlerAlistirma2", "DegiskenlerAlistirma2\DegiskenlerAlistirma2.csproj", "{36A17A83-7B80-4AEE-A459-8F0E3D9507E8}"
EndProject
Project("{FAE04EC0-301F-11D3-BF4B-00C04F79EFBC}") = "AritmatikselOperatorlerAlistirma1", "AritmatikselOperatorlerAlistirma1\AritmatikselOperatorlerAlistirma1.csproj", "{AF1A7B63-21AE-4A50-9F2D-30902223DA49}"
EndProject
Project("{FAE04EC0-301F-11D3-BF4B-00C04F79EFBC}") = "KararYapilariIf-ElseIf-Else", "KararYapilariIf-ElseIf-Else\KararYapilariIf-ElseIf-Else.csproj", "{9746ABC8-C62A-40E5-9226-10BBC27A0F84}"
EndProject
Project("{FAE04EC0-301F-11D3-BF4B-00C04F79EFBC}") = "AritmatikselOperatorlerToplama", "AritmatikselOperatorlerToplama\AritmatikselOperatorlerToplama.csproj", "{D2A52A95-0361-4DA4-9094-38A57CBE7FB0}"
EndProject
Project("{FAE04EC0-301F-11D3-BF4B-00C04F79EFBC}") = "KararYapilariAlistirmalar1", "KararYapilariAlistirmalar1\KararYapilariAlistirmalar1.csproj", "{3A046AFD-514C-4ACF-8CC5-2D428E9A5CDC}"
EndProject
Project("{FAE04EC0-301F-11D3-BF4B-00C04F79EFBC}") = "KararYapilariAlistirmalar4", "KararYapilariAlistirmalar4\KararYapilariAlistirmalar4.csproj", "{9120C729-8631-4AF3-A14D-95049EC4226D}"
EndProject
Project("{FAE04EC0-301F-11D3-BF4B-00C04F79EFBC}") = "KararYapilariAlistirmalar5", "KararYapilariAlistirmalar5\KararYapilariAlistirmalar5.csproj", "{D7A22A54-C02F-43D4-BAE6-1169212F78AC}"
EndProject
Project("{2150E333-8FDC-42A3-9474-1A3956D46DE8}") = "09.Bolum", "09.Bolum", "{D3F19E22-A03C-4E8A-8EEE-7580D576011E}"
EndProject
Project("{FAE04EC0-301F-11D3-BF4B-00C04F79EFBC}") = "ForGenelKullanim", "ForGenelKullanim\ForGenelKullanim.csproj", "{AC8C4884-4BA3-4E68-AE92-BA9F79D1F333}"
EndProject
Project("{FAE04EC0-301F-11D3-BF4B-00C04F79EFBC}") = "ForeachGenelKullanimi", "ForeachGenelKullanimi\ForeachGenelKullanimi.csproj", "{6E702D29-0926-45A4-B080-1510EE6DA0C9}"
EndProject
Project("{FAE04EC0-301F-11D3-BF4B-00C04F79EFBC}") = "WhileGenelKullanimi", "WhileGenelKullanimi\WhileGenelKullanimi.csproj", "{9C338053-6E07-4E9D-B0AE-D5E5D0041751}"
EndProject
Project("{FAE04EC0-301F-11D3-BF4B-00C04F79EFBC}") = "DoWhileDongusu", "DoWhileDongusu\DoWhileDongusu.csproj", "{F1C00AFC-1024-4186-82CE-2BD8A565D5A4}"
EndProject
Project("{FAE04EC0-301F-11D3-BF4B-00C04F79EFBC}") = "DoWhileOdev", "DoWhileOdev\DoWhileOdev.csproj", "{F98D440D-48FE-49C8-9570-A8252350E638}"
EndProject
Project("{2150E333-8FDC-42A3-9474-1A3956D46DE8}") = "10.Bolum", "10.Bolum", "{225AAA05-E57E-48C5-ADF2-0BDB7B6438BB}"
EndProject
Project("{FAE04EC0-301F-11D3-BF4B-00C04F79EFBC}") = "DiziNedir", "DiziNedir\DiziNedir.csproj", "{ECF2675F-9A3C-4833-9D46-DE4935685019}"
EndProject
Project("{2150E333-8FDC-42A3-9474-1A3956D46DE8}") = "11.Bolum", "11.Bolum", "{6847D686-5763-4047-BF93-E3DF74C66FDB}"
EndProject
Project("{FAE04EC0-301F-11D3-BF4B-00C04F79EFBC}") = "ArrayListGenelKullanim", "ArrayList\ArrayListGenelKullanim.csproj", "{C9C8FA54-D045-493C-B8AC-733ECF417469}"
EndProject
Project("{FAE04EC0-301F-11D3-BF4B-00C04F79EFBC}") = "ArrayListOdev", "ArrayListOdev\ArrayListOdev.csproj", "{32398A75-00CA-4042-9A62-19383D593D4E}"
EndProject
Project("{FAE04EC0-301F-11D3-BF4B-00C04F79EFBC}") = "HashTableGenelKullanimi", "HashTableGenelKullanimi\HashTableGenelKullanimi.csproj", "{CC8EF278-96B7-4CFE-9F2C-9E343A19AFFC}"
EndProject
Project("{FAE04EC0-301F-11D3-BF4B-00C04F79EFBC}") = "HashTableOdev", "HashTableOdev\HashTableOdev.csproj", "{B074C036-7AA2-4FB2-9095-E4E29AD64345}"
EndProject
Project("{FAE04EC0-301F-11D3-BF4B-00C04F79EFBC}") = "SortedListGenelKullanim", "SortedListGenelKullanim\SortedListGenelKullanim.csproj", "{A4C1F194-7F1A-4E7C-B429-138907FD3420}"
EndProject
Project("{FAE04EC0-301F-11D3-BF4B-00C04F79EFBC}") = "StackGenelKullanimi", "StackGenelKullanimi\StackGenelKullanimi.csproj", "{3B7C9C28-86A3-4ABA-99A6-46723E5794CB}"
EndProject
Project("{FAE04EC0-301F-11D3-BF4B-00C04F79EFBC}") = "QueueGenelKullanimi", "QueueGenelKullanimi\QueueGenelKullanimi.csproj", "{85C3C3B6-AE0F-43AA-9A7B-7DAE9736A4BB}"
EndProject
Project("{2150E333-8FDC-42A3-9474-1A3956D46DE8}") = "12.Bolum", "12.Bolum", "{92EE29FF-2E53-4B2F-B11F-A97C51C863AD}"
EndProject
Project("{FAE04EC0-301F-11D3-BF4B-00C04F79EFBC}") = "MatematikselIslemler", "MatematikselIslemler\MatematikselIslemler.csproj", "{60835766-7696-4381-B842-C5F4F3AFF871}"
EndProject
Project("{FAE04EC0-301F-11D3-BF4B-00C04F79EFBC}") = "MetotGenelTanim", "MetotGenelTanim\MetotGenelTanim.csproj", "{85E89F32-1712-47CD-9782-50CA4AD356C9}"
EndProject
Project("{FAE04EC0-301F-11D3-BF4B-00C04F79EFBC}") = "MetotOdev1", "MetotOdev1\MetotOdev1.csproj", "{055826DC-7B18-4858-A614-591880D18599}"
EndProject
Project("{FAE04EC0-301F-11D3-BF4B-00C04F79EFBC}") = "RefOutKullanimi", "RefOutKullanimi\RefOutKullanimi.csproj", "{EC773952-A6A4-4475-84F0-FCF1EAFF2DB1}"
EndProject
Project("{FAE04EC0-301F-11D3-BF4B-00C04F79EFBC}") = "AsiriYuklenme", "AsiriYuklenme\AsiriYuklenme.csproj", "{BE5DED21-4265-46F0-AB2B-E3C2C6640255}"
EndProject
Project("{FAE04EC0-301F-11D3-BF4B-00C04F79EFBC}") = "LocalFunctions", "LocalFunctions\LocalFunctions.csproj", "{8967E640-160F-499B-AF37-67666E7D2EB1}"
EndProject
Project("{2150E333-8FDC-42A3-9474-1A3956D46DE8}") = "13.Bolum", "13.Bolum", "{6811249B-03A0-4974-B315-EBAE021F787D}"
EndProject
Project("{FAE04EC0-301F-11D3-BF4B-00C04F79EFBC}") = "OOPNedir", "OOPNedir\OOPNedir.csproj", "{38DF0E9E-DE51-436A-9AC0-0D666CE57CDE}"
EndProject
Project("{2150E333-8FDC-42A3-9474-1A3956D46DE8}") = "14.Bolum", "14.Bolum", "{255AC506-95CD-4A68-8BC4-8BC31522E774}"
EndProject
Project("{FAE04EC0-301F-11D3-BF4B-00C04F79EFBC}") = "KapsullemeNedir", "KapsullemeNedir\KapsullemeNedir.csproj", "{01FF5355-C61B-49C0-9090-E361B7FE389B}"
EndProject
Project("{2150E333-8FDC-42A3-9474-1A3956D46DE8}") = "15.Bolum", "15.Bolum", "{D6ABEF3C-94A5-4327-9110-FE3E97A57BDE}"
EndProject
Project("{FAE04EC0-301F-11D3-BF4B-00C04F79EFBC}") = "StaticNedir", "StaticNedir\StaticNedir.csproj", "{60424C0F-2B42-4EB9-A2CF-BCA2443E93C3}"
EndProject
Project("{FAE04EC0-301F-11D3-BF4B-00C04F79EFBC}") = "PersonelUygulamasi", "PersonelUygulamasi\PersonelUygulamasi.csproj", "{CDB2C9A4-925A-4EC4-ACC6-558DCCF66749}"
EndProject
Project("{FAE04EC0-301F-11D3-BF4B-00C04F79EFBC}") = "StaticBolumSonuOdevUygulama", "StaticBolumSonuOdevUygulama\StaticBolumSonuOdevUygulama.csproj", "{5D023E9D-0E12-497E-8451-CC4C18E71406}"
EndProject
Project("{2150E333-8FDC-42A3-9474-1A3956D46DE8}") = "16.Bolum", "16.Bolum", "{C6D2767E-2E46-4CCE-BDEA-0C3D9CF1BB34}"
EndProject
Project("{FAE04EC0-301F-11D3-BF4B-00C04F79EFBC}") = "InnerTypeModelleme", "InnerTypeModelleme\InnerTypeModelleme.csproj", "{BF602845-CBE3-474A-B3A6-815143551B86}"
EndProject
Project("{2150E333-8FDC-42A3-9474-1A3956D46DE8}") = "17.Bolum", "17.Bolum", "{5830675D-D446-4D76-AE72-14DB63252EE8}"
EndProject
Project("{FAE04EC0-301F-11D3-BF4B-00C04F79EFBC}") = "KalitimNedir", "KalitimNedir\KalitimNedir.csproj", "{4564EF1F-4A53-4855-A8F0-C42D8CF09008}"
EndProject
Project("{FAE04EC0-301F-11D3-BF4B-00C04F79EFBC}") = "KalitimOdevUygulamasi", "KalitimOdevUygulamasi\KalitimOdevUygulamasi.csproj", "{F78790E8-3756-48A6-B0AB-FB7D56252458}"
EndProject
Project("{2150E333-8FDC-42A3-9474-1A3956D46DE8}") = "18.Bolum", "18.Bolum", "{46731ECA-AFAB-4846-9E32-AB563D8F65BA}"
EndProject
Project("{FAE04EC0-301F-11D3-BF4B-00C04F79EFBC}") = "SanalMetotNedir", "SanalMetotNedir\SanalMetotNedir.csproj", "{664F6E11-8E1F-4A9C-9FAD-DCCCF5C98FCB}"
EndProject
Project("{FAE04EC0-301F-11D3-BF4B-00C04F79EFBC}") = "SanalMetotKullanimi", "SanalMetotKullanimi\SanalMetotKullanimi.csproj", "{DF6C5C94-EAA4-4E8D-9394-AD6BD643FB4F}"
EndProject
Project("{2150E333-8FDC-42A3-9474-1A3956D46DE8}") = "19.Bolum", "19.Bolum", "{F024CE68-9888-46D8-904B-25D3F6A8F67D}"
EndProject
Project("{FAE04EC0-301F-11D3-BF4B-00C04F79EFBC}") = "AbstractNedir", "AbstractNedir\AbstractNedir.csproj", "{F2553714-27A2-4AD1-AA89-DD2486DCB69F}"
EndProject
Project("{FAE04EC0-301F-11D3-BF4B-00C04F79EFBC}") = "InterfaceNedir", "InterfaceNedir\InterfaceNedir.csproj", "{1E15C3B0-41A8-4157-9E37-D97E62606172}"
EndProject
Project("{2150E333-8FDC-42A3-9474-1A3956D46DE8}") = "20.Bolum", "20.Bolum", "{23F1C03F-E919-4C5A-B481-BCB0BD552A25}"
EndProject
Project("{FAE04EC0-301F-11D3-BF4B-00C04F79EFBC}") = "PartialClassNedir", "PartialClassNedir\PartialClassNedir.csproj", "{563F18B8-56BD-4BEC-A7C8-82A9A4790596}"
EndProject
Project("{2150E333-8FDC-42A3-9474-1A3956D46DE8}") = "21.Bolum", "21.Bolum", "{23B7DFA0-326B-4BBB-8546-D2EA2C3C2498}"
EndProject
Project("{FAE04EC0-301F-11D3-BF4B-00C04F79EFBC}") = "EnumNedir", "EnumNedir\EnumNedir.csproj", "{E1A04922-8D73-453C-B45E-A942810FF5EA}"
EndProject
Project("{2150E333-8FDC-42A3-9474-1A3956D46DE8}") = "22.Bolum", "22.Bolum", "{837CA939-6148-490A-A154-DA1C631746E5}"
EndProject
Project("{FAE04EC0-301F-11D3-BF4B-00C04F79EFBC}") = "GenericOncesiIslemler", "GenericOncesiİslemler\GenericOncesiIslemler.csproj", "{C3BE9509-5F5A-400A-A92E-2694571EA591}"
EndProject
Project("{FAE04EC0-301F-11D3-BF4B-00C04F79EFBC}") = "ListGeneric", "ListGeneric\ListGeneric.csproj", "{6A5CB3D5-451F-4BCE-844C-10F13C81FA73}"
EndProject
Project("{FAE04EC0-301F-11D3-BF4B-00C04F79EFBC}") = "ListGenericInceleme", "ListGenericInceleme\ListGenericInceleme.csproj", "{E67BE434-47AA-4795-9E7F-61F0A2C69FC6}"
EndProject
Project("{FAE04EC0-301F-11D3-BF4B-00C04F79EFBC}") = "DictionarySortedListKoleksiyon", "DictionarySortedListKoleksiyon\DictionarySortedListKoleksiyon.csproj", "{737CD139-EDF2-4BA4-8487-5DAE00499795}"
EndProject
Project("{2150E333-8FDC-42A3-9474-1A3956D46DE8}") = "23.Bolum", "23.Bolum", "{941A13A7-1BEB-4522-BE64-2630A9164F5C}"
EndProject
Project("{FAE04EC0-301F-11D3-BF4B-00C04F79EFBC}") = "GenericClassNedir", "GenericClassNedir\GenericClassNedir.csproj", "{F1FBEE12-698C-4449-AF78-01BEC8792256}"
EndProject
Project("{FAE04EC0-301F-11D3-BF4B-00C04F79EFBC}") = "GenericClassNedir1", "GenericClassNedir1\GenericClassNedir1.csproj", "{2E4E07A2-38CE-4CA2-A303-7B1282C360FE}"
EndProject
Project("{2150E333-8FDC-42A3-9474-1A3956D46DE8}") = "24.Bolum", "24.Bolum", "{4CE7D6B5-F30A-4D7A-A6CF-6AC735B4DB6E}"
EndProject
Project("{FAE04EC0-301F-11D3-BF4B-00C04F79EFBC}") = "WindowsFormNedir", "WindowsFormNedir\WindowsFormNedir.csproj", "{FD2F129D-C981-412F-BA59-F37298309111}"
EndProject
Project("{FAE04EC0-301F-11D3-BF4B-00C04F79EFBC}") = "KullaniciGirisForm", "KullaniciGirisForm\KullaniciGirisForm.csproj", "{44E11280-9F23-48EC-B6B6-1D1C31101A06}"
EndProject
Project("{FAE04EC0-301F-11D3-BF4B-00C04F79EFBC}") = "MessageBoxNesnesi", "MessageBoxNesnesi\MessageBoxNesnesi.csproj", "{E4C5B8FA-DC1F-4F07-B489-4155BD74EAFD}"
EndProject
Global
	GlobalSection(SolutionConfigurationPlatforms) = preSolution
		Debug|Any CPU = Debug|Any CPU
		Release|Any CPU = Release|Any CPU
	EndGlobalSection
	GlobalSection(ProjectConfigurationPlatforms) = postSolution
		{8F5D72E2-40D7-4D2B-8A54-DA3CC49AE7D6}.Debug|Any CPU.ActiveCfg = Debug|Any CPU
		{8F5D72E2-40D7-4D2B-8A54-DA3CC49AE7D6}.Debug|Any CPU.Build.0 = Debug|Any CPU
		{8F5D72E2-40D7-4D2B-8A54-DA3CC49AE7D6}.Release|Any CPU.ActiveCfg = Release|Any CPU
		{8F5D72E2-40D7-4D2B-8A54-DA3CC49AE7D6}.Release|Any CPU.Build.0 = Release|Any CPU
		{A5B47891-00DE-471C-8C09-680E9699B732}.Debug|Any CPU.ActiveCfg = Debug|Any CPU
		{A5B47891-00DE-471C-8C09-680E9699B732}.Debug|Any CPU.Build.0 = Debug|Any CPU
		{A5B47891-00DE-471C-8C09-680E9699B732}.Release|Any CPU.ActiveCfg = Release|Any CPU
		{A5B47891-00DE-471C-8C09-680E9699B732}.Release|Any CPU.Build.0 = Release|Any CPU
		{9F1F2B77-2AD0-4E29-832E-64D2CDD98EE7}.Debug|Any CPU.ActiveCfg = Debug|Any CPU
		{9F1F2B77-2AD0-4E29-832E-64D2CDD98EE7}.Debug|Any CPU.Build.0 = Debug|Any CPU
		{9F1F2B77-2AD0-4E29-832E-64D2CDD98EE7}.Release|Any CPU.ActiveCfg = Release|Any CPU
		{9F1F2B77-2AD0-4E29-832E-64D2CDD98EE7}.Release|Any CPU.Build.0 = Release|Any CPU
		{E267F98C-18DE-46DD-B820-26307C3B2B72}.Debug|Any CPU.ActiveCfg = Debug|Any CPU
		{E267F98C-18DE-46DD-B820-26307C3B2B72}.Debug|Any CPU.Build.0 = Debug|Any CPU
		{E267F98C-18DE-46DD-B820-26307C3B2B72}.Release|Any CPU.ActiveCfg = Release|Any CPU
		{E267F98C-18DE-46DD-B820-26307C3B2B72}.Release|Any CPU.Build.0 = Release|Any CPU
		{7F21AF72-83AD-42F5-B224-5B00691B2A87}.Debug|Any CPU.ActiveCfg = Debug|Any CPU
		{7F21AF72-83AD-42F5-B224-5B00691B2A87}.Debug|Any CPU.Build.0 = Debug|Any CPU
		{7F21AF72-83AD-42F5-B224-5B00691B2A87}.Release|Any CPU.ActiveCfg = Release|Any CPU
		{7F21AF72-83AD-42F5-B224-5B00691B2A87}.Release|Any CPU.Build.0 = Release|Any CPU
		{EB08FFD3-6E63-4D45-8854-2554CFA596AB}.Debug|Any CPU.ActiveCfg = Debug|Any CPU
		{EB08FFD3-6E63-4D45-8854-2554CFA596AB}.Debug|Any CPU.Build.0 = Debug|Any CPU
		{EB08FFD3-6E63-4D45-8854-2554CFA596AB}.Release|Any CPU.ActiveCfg = Release|Any CPU
		{EB08FFD3-6E63-4D45-8854-2554CFA596AB}.Release|Any CPU.Build.0 = Release|Any CPU
		{793D2EE5-5C10-4B92-9371-002A5E097785}.Debug|Any CPU.ActiveCfg = Debug|Any CPU
		{793D2EE5-5C10-4B92-9371-002A5E097785}.Debug|Any CPU.Build.0 = Debug|Any CPU
		{793D2EE5-5C10-4B92-9371-002A5E097785}.Release|Any CPU.ActiveCfg = Release|Any CPU
		{793D2EE5-5C10-4B92-9371-002A5E097785}.Release|Any CPU.Build.0 = Release|Any CPU
		{23ACCF40-4B36-46C0-BF3D-4D16794DC0EF}.Debug|Any CPU.ActiveCfg = Debug|Any CPU
		{23ACCF40-4B36-46C0-BF3D-4D16794DC0EF}.Debug|Any CPU.Build.0 = Debug|Any CPU
		{23ACCF40-4B36-46C0-BF3D-4D16794DC0EF}.Release|Any CPU.ActiveCfg = Release|Any CPU
		{23ACCF40-4B36-46C0-BF3D-4D16794DC0EF}.Release|Any CPU.Build.0 = Release|Any CPU
		{9590C625-3E52-44F8-803F-F85BE5620D0E}.Debug|Any CPU.ActiveCfg = Debug|Any CPU
		{9590C625-3E52-44F8-803F-F85BE5620D0E}.Debug|Any CPU.Build.0 = Debug|Any CPU
		{9590C625-3E52-44F8-803F-F85BE5620D0E}.Release|Any CPU.ActiveCfg = Release|Any CPU
		{9590C625-3E52-44F8-803F-F85BE5620D0E}.Release|Any CPU.Build.0 = Release|Any CPU
		{DD0BBF2B-54A9-4687-97D4-72FC8C45FA73}.Debug|Any CPU.ActiveCfg = Debug|Any CPU
		{DD0BBF2B-54A9-4687-97D4-72FC8C45FA73}.Debug|Any CPU.Build.0 = Debug|Any CPU
		{DD0BBF2B-54A9-4687-97D4-72FC8C45FA73}.Release|Any CPU.ActiveCfg = Release|Any CPU
		{DD0BBF2B-54A9-4687-97D4-72FC8C45FA73}.Release|Any CPU.Build.0 = Release|Any CPU
		{98433C39-C615-4040-8DEB-0B9E09F4E77C}.Debug|Any CPU.ActiveCfg = Debug|Any CPU
		{98433C39-C615-4040-8DEB-0B9E09F4E77C}.Debug|Any CPU.Build.0 = Debug|Any CPU
		{98433C39-C615-4040-8DEB-0B9E09F4E77C}.Release|Any CPU.ActiveCfg = Release|Any CPU
		{98433C39-C615-4040-8DEB-0B9E09F4E77C}.Release|Any CPU.Build.0 = Release|Any CPU
		{AA24E6A3-DADD-4724-8BE9-29F3C2017D24}.Debug|Any CPU.ActiveCfg = Debug|Any CPU
		{AA24E6A3-DADD-4724-8BE9-29F3C2017D24}.Debug|Any CPU.Build.0 = Debug|Any CPU
		{AA24E6A3-DADD-4724-8BE9-29F3C2017D24}.Release|Any CPU.ActiveCfg = Release|Any CPU
		{AA24E6A3-DADD-4724-8BE9-29F3C2017D24}.Release|Any CPU.Build.0 = Release|Any CPU
		{9BC29A3B-3BDB-49D5-91BC-D7FDFAFFC84E}.Debug|Any CPU.ActiveCfg = Debug|Any CPU
		{9BC29A3B-3BDB-49D5-91BC-D7FDFAFFC84E}.Debug|Any CPU.Build.0 = Debug|Any CPU
		{9BC29A3B-3BDB-49D5-91BC-D7FDFAFFC84E}.Release|Any CPU.ActiveCfg = Release|Any CPU
		{9BC29A3B-3BDB-49D5-91BC-D7FDFAFFC84E}.Release|Any CPU.Build.0 = Release|Any CPU
		{87C53504-30EF-4798-9E62-FEC13B5B6DCB}.Debug|Any CPU.ActiveCfg = Debug|Any CPU
		{87C53504-30EF-4798-9E62-FEC13B5B6DCB}.Debug|Any CPU.Build.0 = Debug|Any CPU
		{87C53504-30EF-4798-9E62-FEC13B5B6DCB}.Release|Any CPU.ActiveCfg = Release|Any CPU
		{87C53504-30EF-4798-9E62-FEC13B5B6DCB}.Release|Any CPU.Build.0 = Release|Any CPU
		{EA877D18-5787-4094-9ED7-93CDE04972D0}.Debug|Any CPU.ActiveCfg = Debug|Any CPU
		{EA877D18-5787-4094-9ED7-93CDE04972D0}.Debug|Any CPU.Build.0 = Debug|Any CPU
		{EA877D18-5787-4094-9ED7-93CDE04972D0}.Release|Any CPU.ActiveCfg = Release|Any CPU
		{EA877D18-5787-4094-9ED7-93CDE04972D0}.Release|Any CPU.Build.0 = Release|Any CPU
		{3A1A60C9-3A8B-4E1C-A960-A9348E8AB297}.Debug|Any CPU.ActiveCfg = Debug|Any CPU
		{3A1A60C9-3A8B-4E1C-A960-A9348E8AB297}.Debug|Any CPU.Build.0 = Debug|Any CPU
		{3A1A60C9-3A8B-4E1C-A960-A9348E8AB297}.Release|Any CPU.ActiveCfg = Release|Any CPU
		{3A1A60C9-3A8B-4E1C-A960-A9348E8AB297}.Release|Any CPU.Build.0 = Release|Any CPU
		{C4DAD9B8-06BF-4ABB-81CA-D4262118832D}.Debug|Any CPU.ActiveCfg = Debug|Any CPU
		{C4DAD9B8-06BF-4ABB-81CA-D4262118832D}.Debug|Any CPU.Build.0 = Debug|Any CPU
		{C4DAD9B8-06BF-4ABB-81CA-D4262118832D}.Release|Any CPU.ActiveCfg = Release|Any CPU
		{C4DAD9B8-06BF-4ABB-81CA-D4262118832D}.Release|Any CPU.Build.0 = Release|Any CPU
		{808E1F1F-91E4-4B39-82DE-68A6656C66B1}.Debug|Any CPU.ActiveCfg = Debug|Any CPU
		{808E1F1F-91E4-4B39-82DE-68A6656C66B1}.Debug|Any CPU.Build.0 = Debug|Any CPU
		{808E1F1F-91E4-4B39-82DE-68A6656C66B1}.Release|Any CPU.ActiveCfg = Release|Any CPU
		{808E1F1F-91E4-4B39-82DE-68A6656C66B1}.Release|Any CPU.Build.0 = Release|Any CPU
		{CD83123D-E36A-40E8-9639-307E7B04C518}.Debug|Any CPU.ActiveCfg = Debug|Any CPU
		{CD83123D-E36A-40E8-9639-307E7B04C518}.Debug|Any CPU.Build.0 = Debug|Any CPU
		{CD83123D-E36A-40E8-9639-307E7B04C518}.Release|Any CPU.ActiveCfg = Release|Any CPU
		{CD83123D-E36A-40E8-9639-307E7B04C518}.Release|Any CPU.Build.0 = Release|Any CPU
		{2DB8A55C-C756-4003-BD77-349F60C0FC61}.Debug|Any CPU.ActiveCfg = Debug|Any CPU
		{2DB8A55C-C756-4003-BD77-349F60C0FC61}.Debug|Any CPU.Build.0 = Debug|Any CPU
		{2DB8A55C-C756-4003-BD77-349F60C0FC61}.Release|Any CPU.ActiveCfg = Release|Any CPU
		{2DB8A55C-C756-4003-BD77-349F60C0FC61}.Release|Any CPU.Build.0 = Release|Any CPU
		{5A1974B3-1607-4201-8A02-AA2F61B96F60}.Debug|Any CPU.ActiveCfg = Debug|Any CPU
		{5A1974B3-1607-4201-8A02-AA2F61B96F60}.Debug|Any CPU.Build.0 = Debug|Any CPU
		{5A1974B3-1607-4201-8A02-AA2F61B96F60}.Release|Any CPU.ActiveCfg = Release|Any CPU
		{5A1974B3-1607-4201-8A02-AA2F61B96F60}.Release|Any CPU.Build.0 = Release|Any CPU
		{27CB44AD-1CFC-4FC1-9CA5-FB5D1856A1E5}.Debug|Any CPU.ActiveCfg = Debug|Any CPU
		{27CB44AD-1CFC-4FC1-9CA5-FB5D1856A1E5}.Debug|Any CPU.Build.0 = Debug|Any CPU
		{27CB44AD-1CFC-4FC1-9CA5-FB5D1856A1E5}.Release|Any CPU.ActiveCfg = Release|Any CPU
		{27CB44AD-1CFC-4FC1-9CA5-FB5D1856A1E5}.Release|Any CPU.Build.0 = Release|Any CPU
		{01BE7390-7E12-4ABC-B88D-450F84050031}.Debug|Any CPU.ActiveCfg = Debug|Any CPU
		{01BE7390-7E12-4ABC-B88D-450F84050031}.Debug|Any CPU.Build.0 = Debug|Any CPU
		{01BE7390-7E12-4ABC-B88D-450F84050031}.Release|Any CPU.ActiveCfg = Release|Any CPU
		{01BE7390-7E12-4ABC-B88D-450F84050031}.Release|Any CPU.Build.0 = Release|Any CPU
		{48EA20C0-FE01-44D0-8651-47DAA5908CB2}.Debug|Any CPU.ActiveCfg = Debug|Any CPU
		{48EA20C0-FE01-44D0-8651-47DAA5908CB2}.Debug|Any CPU.Build.0 = Debug|Any CPU
		{48EA20C0-FE01-44D0-8651-47DAA5908CB2}.Release|Any CPU.ActiveCfg = Release|Any CPU
		{48EA20C0-FE01-44D0-8651-47DAA5908CB2}.Release|Any CPU.Build.0 = Release|Any CPU
		{28631C78-D967-43B7-9486-67C56480431C}.Debug|Any CPU.ActiveCfg = Debug|Any CPU
		{28631C78-D967-43B7-9486-67C56480431C}.Debug|Any CPU.Build.0 = Debug|Any CPU
		{28631C78-D967-43B7-9486-67C56480431C}.Release|Any CPU.ActiveCfg = Release|Any CPU
		{28631C78-D967-43B7-9486-67C56480431C}.Release|Any CPU.Build.0 = Release|Any CPU
		{EE323E88-BE0C-4FD5-AEFF-EAD2435FC320}.Debug|Any CPU.ActiveCfg = Debug|Any CPU
		{EE323E88-BE0C-4FD5-AEFF-EAD2435FC320}.Debug|Any CPU.Build.0 = Debug|Any CPU
		{EE323E88-BE0C-4FD5-AEFF-EAD2435FC320}.Release|Any CPU.ActiveCfg = Release|Any CPU
		{EE323E88-BE0C-4FD5-AEFF-EAD2435FC320}.Release|Any CPU.Build.0 = Release|Any CPU
		{4FF5AE93-22E7-44F3-B75C-A76D13D73AD2}.Debug|Any CPU.ActiveCfg = Debug|Any CPU
		{4FF5AE93-22E7-44F3-B75C-A76D13D73AD2}.Debug|Any CPU.Build.0 = Debug|Any CPU
		{4FF5AE93-22E7-44F3-B75C-A76D13D73AD2}.Release|Any CPU.ActiveCfg = Release|Any CPU
		{4FF5AE93-22E7-44F3-B75C-A76D13D73AD2}.Release|Any CPU.Build.0 = Release|Any CPU
		{489D1A8E-E6BC-42D3-BE96-952F058196FB}.Debug|Any CPU.ActiveCfg = Debug|Any CPU
		{489D1A8E-E6BC-42D3-BE96-952F058196FB}.Debug|Any CPU.Build.0 = Debug|Any CPU
		{489D1A8E-E6BC-42D3-BE96-952F058196FB}.Release|Any CPU.ActiveCfg = Release|Any CPU
		{489D1A8E-E6BC-42D3-BE96-952F058196FB}.Release|Any CPU.Build.0 = Release|Any CPU
		{380D75DE-27C0-4DE8-A332-E544F80BE890}.Debug|Any CPU.ActiveCfg = Debug|Any CPU
		{380D75DE-27C0-4DE8-A332-E544F80BE890}.Debug|Any CPU.Build.0 = Debug|Any CPU
		{380D75DE-27C0-4DE8-A332-E544F80BE890}.Release|Any CPU.ActiveCfg = Release|Any CPU
		{380D75DE-27C0-4DE8-A332-E544F80BE890}.Release|Any CPU.Build.0 = Release|Any CPU
		{2E0A2316-7386-4977-8388-74D5C7944D32}.Debug|Any CPU.ActiveCfg = Debug|Any CPU
		{2E0A2316-7386-4977-8388-74D5C7944D32}.Debug|Any CPU.Build.0 = Debug|Any CPU
		{2E0A2316-7386-4977-8388-74D5C7944D32}.Release|Any CPU.ActiveCfg = Release|Any CPU
		{2E0A2316-7386-4977-8388-74D5C7944D32}.Release|Any CPU.Build.0 = Release|Any CPU
		{5A01BC08-2D6A-472C-88DF-A1D7DD4BABBB}.Debug|Any CPU.ActiveCfg = Debug|Any CPU
		{5A01BC08-2D6A-472C-88DF-A1D7DD4BABBB}.Debug|Any CPU.Build.0 = Debug|Any CPU
		{5A01BC08-2D6A-472C-88DF-A1D7DD4BABBB}.Release|Any CPU.ActiveCfg = Release|Any CPU
		{5A01BC08-2D6A-472C-88DF-A1D7DD4BABBB}.Release|Any CPU.Build.0 = Release|Any CPU
		{01EC96EF-4D79-40A8-9FDE-FD6E8135224A}.Debug|Any CPU.ActiveCfg = Debug|Any CPU
		{01EC96EF-4D79-40A8-9FDE-FD6E8135224A}.Debug|Any CPU.Build.0 = Debug|Any CPU
		{01EC96EF-4D79-40A8-9FDE-FD6E8135224A}.Release|Any CPU.ActiveCfg = Release|Any CPU
		{01EC96EF-4D79-40A8-9FDE-FD6E8135224A}.Release|Any CPU.Build.0 = Release|Any CPU
		{36A17A83-7B80-4AEE-A459-8F0E3D9507E8}.Debug|Any CPU.ActiveCfg = Debug|Any CPU
		{36A17A83-7B80-4AEE-A459-8F0E3D9507E8}.Debug|Any CPU.Build.0 = Debug|Any CPU
		{36A17A83-7B80-4AEE-A459-8F0E3D9507E8}.Release|Any CPU.ActiveCfg = Release|Any CPU
		{36A17A83-7B80-4AEE-A459-8F0E3D9507E8}.Release|Any CPU.Build.0 = Release|Any CPU
		{AF1A7B63-21AE-4A50-9F2D-30902223DA49}.Debug|Any CPU.ActiveCfg = Debug|Any CPU
		{AF1A7B63-21AE-4A50-9F2D-30902223DA49}.Debug|Any CPU.Build.0 = Debug|Any CPU
		{AF1A7B63-21AE-4A50-9F2D-30902223DA49}.Release|Any CPU.ActiveCfg = Release|Any CPU
		{AF1A7B63-21AE-4A50-9F2D-30902223DA49}.Release|Any CPU.Build.0 = Release|Any CPU
		{9746ABC8-C62A-40E5-9226-10BBC27A0F84}.Debug|Any CPU.ActiveCfg = Debug|Any CPU
		{9746ABC8-C62A-40E5-9226-10BBC27A0F84}.Debug|Any CPU.Build.0 = Debug|Any CPU
		{9746ABC8-C62A-40E5-9226-10BBC27A0F84}.Release|Any CPU.ActiveCfg = Release|Any CPU
		{9746ABC8-C62A-40E5-9226-10BBC27A0F84}.Release|Any CPU.Build.0 = Release|Any CPU
		{D2A52A95-0361-4DA4-9094-38A57CBE7FB0}.Debug|Any CPU.ActiveCfg = Debug|Any CPU
		{D2A52A95-0361-4DA4-9094-38A57CBE7FB0}.Debug|Any CPU.Build.0 = Debug|Any CPU
		{D2A52A95-0361-4DA4-9094-38A57CBE7FB0}.Release|Any CPU.ActiveCfg = Release|Any CPU
		{D2A52A95-0361-4DA4-9094-38A57CBE7FB0}.Release|Any CPU.Build.0 = Release|Any CPU
		{3A046AFD-514C-4ACF-8CC5-2D428E9A5CDC}.Debug|Any CPU.ActiveCfg = Debug|Any CPU
		{3A046AFD-514C-4ACF-8CC5-2D428E9A5CDC}.Debug|Any CPU.Build.0 = Debug|Any CPU
		{3A046AFD-514C-4ACF-8CC5-2D428E9A5CDC}.Release|Any CPU.ActiveCfg = Release|Any CPU
		{3A046AFD-514C-4ACF-8CC5-2D428E9A5CDC}.Release|Any CPU.Build.0 = Release|Any CPU
		{9120C729-8631-4AF3-A14D-95049EC4226D}.Debug|Any CPU.ActiveCfg = Debug|Any CPU
		{9120C729-8631-4AF3-A14D-95049EC4226D}.Debug|Any CPU.Build.0 = Debug|Any CPU
		{9120C729-8631-4AF3-A14D-95049EC4226D}.Release|Any CPU.ActiveCfg = Release|Any CPU
		{9120C729-8631-4AF3-A14D-95049EC4226D}.Release|Any CPU.Build.0 = Release|Any CPU
		{D7A22A54-C02F-43D4-BAE6-1169212F78AC}.Debug|Any CPU.ActiveCfg = Debug|Any CPU
		{D7A22A54-C02F-43D4-BAE6-1169212F78AC}.Debug|Any CPU.Build.0 = Debug|Any CPU
		{D7A22A54-C02F-43D4-BAE6-1169212F78AC}.Release|Any CPU.ActiveCfg = Release|Any CPU
		{D7A22A54-C02F-43D4-BAE6-1169212F78AC}.Release|Any CPU.Build.0 = Release|Any CPU
		{AC8C4884-4BA3-4E68-AE92-BA9F79D1F333}.Debug|Any CPU.ActiveCfg = Debug|Any CPU
		{AC8C4884-4BA3-4E68-AE92-BA9F79D1F333}.Debug|Any CPU.Build.0 = Debug|Any CPU
		{AC8C4884-4BA3-4E68-AE92-BA9F79D1F333}.Release|Any CPU.ActiveCfg = Release|Any CPU
		{AC8C4884-4BA3-4E68-AE92-BA9F79D1F333}.Release|Any CPU.Build.0 = Release|Any CPU
		{6E702D29-0926-45A4-B080-1510EE6DA0C9}.Debug|Any CPU.ActiveCfg = Debug|Any CPU
		{6E702D29-0926-45A4-B080-1510EE6DA0C9}.Debug|Any CPU.Build.0 = Debug|Any CPU
		{6E702D29-0926-45A4-B080-1510EE6DA0C9}.Release|Any CPU.ActiveCfg = Release|Any CPU
		{6E702D29-0926-45A4-B080-1510EE6DA0C9}.Release|Any CPU.Build.0 = Release|Any CPU
		{9C338053-6E07-4E9D-B0AE-D5E5D0041751}.Debug|Any CPU.ActiveCfg = Debug|Any CPU
		{9C338053-6E07-4E9D-B0AE-D5E5D0041751}.Debug|Any CPU.Build.0 = Debug|Any CPU
		{9C338053-6E07-4E9D-B0AE-D5E5D0041751}.Release|Any CPU.ActiveCfg = Release|Any CPU
		{9C338053-6E07-4E9D-B0AE-D5E5D0041751}.Release|Any CPU.Build.0 = Release|Any CPU
		{F1C00AFC-1024-4186-82CE-2BD8A565D5A4}.Debug|Any CPU.ActiveCfg = Debug|Any CPU
		{F1C00AFC-1024-4186-82CE-2BD8A565D5A4}.Debug|Any CPU.Build.0 = Debug|Any CPU
		{F1C00AFC-1024-4186-82CE-2BD8A565D5A4}.Release|Any CPU.ActiveCfg = Release|Any CPU
		{F1C00AFC-1024-4186-82CE-2BD8A565D5A4}.Release|Any CPU.Build.0 = Release|Any CPU
		{F98D440D-48FE-49C8-9570-A8252350E638}.Debug|Any CPU.ActiveCfg = Debug|Any CPU
		{F98D440D-48FE-49C8-9570-A8252350E638}.Debug|Any CPU.Build.0 = Debug|Any CPU
		{F98D440D-48FE-49C8-9570-A8252350E638}.Release|Any CPU.ActiveCfg = Release|Any CPU
		{F98D440D-48FE-49C8-9570-A8252350E638}.Release|Any CPU.Build.0 = Release|Any CPU
		{ECF2675F-9A3C-4833-9D46-DE4935685019}.Debug|Any CPU.ActiveCfg = Debug|Any CPU
		{ECF2675F-9A3C-4833-9D46-DE4935685019}.Debug|Any CPU.Build.0 = Debug|Any CPU
		{ECF2675F-9A3C-4833-9D46-DE4935685019}.Release|Any CPU.ActiveCfg = Release|Any CPU
		{ECF2675F-9A3C-4833-9D46-DE4935685019}.Release|Any CPU.Build.0 = Release|Any CPU
		{C9C8FA54-D045-493C-B8AC-733ECF417469}.Debug|Any CPU.ActiveCfg = Debug|Any CPU
		{C9C8FA54-D045-493C-B8AC-733ECF417469}.Debug|Any CPU.Build.0 = Debug|Any CPU
		{C9C8FA54-D045-493C-B8AC-733ECF417469}.Release|Any CPU.ActiveCfg = Release|Any CPU
		{C9C8FA54-D045-493C-B8AC-733ECF417469}.Release|Any CPU.Build.0 = Release|Any CPU
		{32398A75-00CA-4042-9A62-19383D593D4E}.Debug|Any CPU.ActiveCfg = Debug|Any CPU
		{32398A75-00CA-4042-9A62-19383D593D4E}.Debug|Any CPU.Build.0 = Debug|Any CPU
		{32398A75-00CA-4042-9A62-19383D593D4E}.Release|Any CPU.ActiveCfg = Release|Any CPU
		{32398A75-00CA-4042-9A62-19383D593D4E}.Release|Any CPU.Build.0 = Release|Any CPU
		{CC8EF278-96B7-4CFE-9F2C-9E343A19AFFC}.Debug|Any CPU.ActiveCfg = Debug|Any CPU
		{CC8EF278-96B7-4CFE-9F2C-9E343A19AFFC}.Debug|Any CPU.Build.0 = Debug|Any CPU
		{CC8EF278-96B7-4CFE-9F2C-9E343A19AFFC}.Release|Any CPU.ActiveCfg = Release|Any CPU
		{CC8EF278-96B7-4CFE-9F2C-9E343A19AFFC}.Release|Any CPU.Build.0 = Release|Any CPU
		{B074C036-7AA2-4FB2-9095-E4E29AD64345}.Debug|Any CPU.ActiveCfg = Debug|Any CPU
		{B074C036-7AA2-4FB2-9095-E4E29AD64345}.Debug|Any CPU.Build.0 = Debug|Any CPU
		{B074C036-7AA2-4FB2-9095-E4E29AD64345}.Release|Any CPU.ActiveCfg = Release|Any CPU
		{B074C036-7AA2-4FB2-9095-E4E29AD64345}.Release|Any CPU.Build.0 = Release|Any CPU
		{A4C1F194-7F1A-4E7C-B429-138907FD3420}.Debug|Any CPU.ActiveCfg = Debug|Any CPU
		{A4C1F194-7F1A-4E7C-B429-138907FD3420}.Debug|Any CPU.Build.0 = Debug|Any CPU
		{A4C1F194-7F1A-4E7C-B429-138907FD3420}.Release|Any CPU.ActiveCfg = Release|Any CPU
		{A4C1F194-7F1A-4E7C-B429-138907FD3420}.Release|Any CPU.Build.0 = Release|Any CPU
		{3B7C9C28-86A3-4ABA-99A6-46723E5794CB}.Debug|Any CPU.ActiveCfg = Debug|Any CPU
		{3B7C9C28-86A3-4ABA-99A6-46723E5794CB}.Debug|Any CPU.Build.0 = Debug|Any CPU
		{3B7C9C28-86A3-4ABA-99A6-46723E5794CB}.Release|Any CPU.ActiveCfg = Release|Any CPU
		{3B7C9C28-86A3-4ABA-99A6-46723E5794CB}.Release|Any CPU.Build.0 = Release|Any CPU
		{85C3C3B6-AE0F-43AA-9A7B-7DAE9736A4BB}.Debug|Any CPU.ActiveCfg = Debug|Any CPU
		{85C3C3B6-AE0F-43AA-9A7B-7DAE9736A4BB}.Debug|Any CPU.Build.0 = Debug|Any CPU
		{85C3C3B6-AE0F-43AA-9A7B-7DAE9736A4BB}.Release|Any CPU.ActiveCfg = Release|Any CPU
		{85C3C3B6-AE0F-43AA-9A7B-7DAE9736A4BB}.Release|Any CPU.Build.0 = Release|Any CPU
		{60835766-7696-4381-B842-C5F4F3AFF871}.Debug|Any CPU.ActiveCfg = Debug|Any CPU
		{60835766-7696-4381-B842-C5F4F3AFF871}.Debug|Any CPU.Build.0 = Debug|Any CPU
		{60835766-7696-4381-B842-C5F4F3AFF871}.Release|Any CPU.ActiveCfg = Release|Any CPU
		{60835766-7696-4381-B842-C5F4F3AFF871}.Release|Any CPU.Build.0 = Release|Any CPU
		{85E89F32-1712-47CD-9782-50CA4AD356C9}.Debug|Any CPU.ActiveCfg = Debug|Any CPU
		{85E89F32-1712-47CD-9782-50CA4AD356C9}.Debug|Any CPU.Build.0 = Debug|Any CPU
		{85E89F32-1712-47CD-9782-50CA4AD356C9}.Release|Any CPU.ActiveCfg = Release|Any CPU
		{85E89F32-1712-47CD-9782-50CA4AD356C9}.Release|Any CPU.Build.0 = Release|Any CPU
		{055826DC-7B18-4858-A614-591880D18599}.Debug|Any CPU.ActiveCfg = Debug|Any CPU
		{055826DC-7B18-4858-A614-591880D18599}.Debug|Any CPU.Build.0 = Debug|Any CPU
		{055826DC-7B18-4858-A614-591880D18599}.Release|Any CPU.ActiveCfg = Release|Any CPU
		{055826DC-7B18-4858-A614-591880D18599}.Release|Any CPU.Build.0 = Release|Any CPU
		{EC773952-A6A4-4475-84F0-FCF1EAFF2DB1}.Debug|Any CPU.ActiveCfg = Debug|Any CPU
		{EC773952-A6A4-4475-84F0-FCF1EAFF2DB1}.Debug|Any CPU.Build.0 = Debug|Any CPU
		{EC773952-A6A4-4475-84F0-FCF1EAFF2DB1}.Release|Any CPU.ActiveCfg = Release|Any CPU
		{EC773952-A6A4-4475-84F0-FCF1EAFF2DB1}.Release|Any CPU.Build.0 = Release|Any CPU
		{BE5DED21-4265-46F0-AB2B-E3C2C6640255}.Debug|Any CPU.ActiveCfg = Debug|Any CPU
		{BE5DED21-4265-46F0-AB2B-E3C2C6640255}.Debug|Any CPU.Build.0 = Debug|Any CPU
		{BE5DED21-4265-46F0-AB2B-E3C2C6640255}.Release|Any CPU.ActiveCfg = Release|Any CPU
		{BE5DED21-4265-46F0-AB2B-E3C2C6640255}.Release|Any CPU.Build.0 = Release|Any CPU
		{8967E640-160F-499B-AF37-67666E7D2EB1}.Debug|Any CPU.ActiveCfg = Debug|Any CPU
		{8967E640-160F-499B-AF37-67666E7D2EB1}.Debug|Any CPU.Build.0 = Debug|Any CPU
		{8967E640-160F-499B-AF37-67666E7D2EB1}.Release|Any CPU.ActiveCfg = Release|Any CPU
		{8967E640-160F-499B-AF37-67666E7D2EB1}.Release|Any CPU.Build.0 = Release|Any CPU
		{38DF0E9E-DE51-436A-9AC0-0D666CE57CDE}.Debug|Any CPU.ActiveCfg = Debug|Any CPU
		{38DF0E9E-DE51-436A-9AC0-0D666CE57CDE}.Debug|Any CPU.Build.0 = Debug|Any CPU
		{38DF0E9E-DE51-436A-9AC0-0D666CE57CDE}.Release|Any CPU.ActiveCfg = Release|Any CPU
		{38DF0E9E-DE51-436A-9AC0-0D666CE57CDE}.Release|Any CPU.Build.0 = Release|Any CPU
		{01FF5355-C61B-49C0-9090-E361B7FE389B}.Debug|Any CPU.ActiveCfg = Debug|Any CPU
		{01FF5355-C61B-49C0-9090-E361B7FE389B}.Debug|Any CPU.Build.0 = Debug|Any CPU
		{01FF5355-C61B-49C0-9090-E361B7FE389B}.Release|Any CPU.ActiveCfg = Release|Any CPU
		{01FF5355-C61B-49C0-9090-E361B7FE389B}.Release|Any CPU.Build.0 = Release|Any CPU
		{60424C0F-2B42-4EB9-A2CF-BCA2443E93C3}.Debug|Any CPU.ActiveCfg = Debug|Any CPU
		{60424C0F-2B42-4EB9-A2CF-BCA2443E93C3}.Debug|Any CPU.Build.0 = Debug|Any CPU
		{60424C0F-2B42-4EB9-A2CF-BCA2443E93C3}.Release|Any CPU.ActiveCfg = Release|Any CPU
		{60424C0F-2B42-4EB9-A2CF-BCA2443E93C3}.Release|Any CPU.Build.0 = Release|Any CPU
		{CDB2C9A4-925A-4EC4-ACC6-558DCCF66749}.Debug|Any CPU.ActiveCfg = Debug|Any CPU
		{CDB2C9A4-925A-4EC4-ACC6-558DCCF66749}.Debug|Any CPU.Build.0 = Debug|Any CPU
		{CDB2C9A4-925A-4EC4-ACC6-558DCCF66749}.Release|Any CPU.ActiveCfg = Release|Any CPU
		{CDB2C9A4-925A-4EC4-ACC6-558DCCF66749}.Release|Any CPU.Build.0 = Release|Any CPU
		{5D023E9D-0E12-497E-8451-CC4C18E71406}.Debug|Any CPU.ActiveCfg = Debug|Any CPU
		{5D023E9D-0E12-497E-8451-CC4C18E71406}.Debug|Any CPU.Build.0 = Debug|Any CPU
		{5D023E9D-0E12-497E-8451-CC4C18E71406}.Release|Any CPU.ActiveCfg = Release|Any CPU
		{5D023E9D-0E12-497E-8451-CC4C18E71406}.Release|Any CPU.Build.0 = Release|Any CPU
		{BF602845-CBE3-474A-B3A6-815143551B86}.Debug|Any CPU.ActiveCfg = Debug|Any CPU
		{BF602845-CBE3-474A-B3A6-815143551B86}.Debug|Any CPU.Build.0 = Debug|Any CPU
		{BF602845-CBE3-474A-B3A6-815143551B86}.Release|Any CPU.ActiveCfg = Release|Any CPU
		{BF602845-CBE3-474A-B3A6-815143551B86}.Release|Any CPU.Build.0 = Release|Any CPU
		{4564EF1F-4A53-4855-A8F0-C42D8CF09008}.Debug|Any CPU.ActiveCfg = Debug|Any CPU
		{4564EF1F-4A53-4855-A8F0-C42D8CF09008}.Debug|Any CPU.Build.0 = Debug|Any CPU
		{4564EF1F-4A53-4855-A8F0-C42D8CF09008}.Release|Any CPU.ActiveCfg = Release|Any CPU
		{4564EF1F-4A53-4855-A8F0-C42D8CF09008}.Release|Any CPU.Build.0 = Release|Any CPU
		{F78790E8-3756-48A6-B0AB-FB7D56252458}.Debug|Any CPU.ActiveCfg = Debug|Any CPU
		{F78790E8-3756-48A6-B0AB-FB7D56252458}.Debug|Any CPU.Build.0 = Debug|Any CPU
		{F78790E8-3756-48A6-B0AB-FB7D56252458}.Release|Any CPU.ActiveCfg = Release|Any CPU
		{F78790E8-3756-48A6-B0AB-FB7D56252458}.Release|Any CPU.Build.0 = Release|Any CPU
		{664F6E11-8E1F-4A9C-9FAD-DCCCF5C98FCB}.Debug|Any CPU.ActiveCfg = Debug|Any CPU
		{664F6E11-8E1F-4A9C-9FAD-DCCCF5C98FCB}.Debug|Any CPU.Build.0 = Debug|Any CPU
		{664F6E11-8E1F-4A9C-9FAD-DCCCF5C98FCB}.Release|Any CPU.ActiveCfg = Release|Any CPU
		{664F6E11-8E1F-4A9C-9FAD-DCCCF5C98FCB}.Release|Any CPU.Build.0 = Release|Any CPU
		{DF6C5C94-EAA4-4E8D-9394-AD6BD643FB4F}.Debug|Any CPU.ActiveCfg = Debug|Any CPU
		{DF6C5C94-EAA4-4E8D-9394-AD6BD643FB4F}.Debug|Any CPU.Build.0 = Debug|Any CPU
		{DF6C5C94-EAA4-4E8D-9394-AD6BD643FB4F}.Release|Any CPU.ActiveCfg = Release|Any CPU
		{DF6C5C94-EAA4-4E8D-9394-AD6BD643FB4F}.Release|Any CPU.Build.0 = Release|Any CPU
		{F2553714-27A2-4AD1-AA89-DD2486DCB69F}.Debug|Any CPU.ActiveCfg = Debug|Any CPU
		{F2553714-27A2-4AD1-AA89-DD2486DCB69F}.Debug|Any CPU.Build.0 = Debug|Any CPU
		{F2553714-27A2-4AD1-AA89-DD2486DCB69F}.Release|Any CPU.ActiveCfg = Release|Any CPU
		{F2553714-27A2-4AD1-AA89-DD2486DCB69F}.Release|Any CPU.Build.0 = Release|Any CPU
		{1E15C3B0-41A8-4157-9E37-D97E62606172}.Debug|Any CPU.ActiveCfg = Debug|Any CPU
		{1E15C3B0-41A8-4157-9E37-D97E62606172}.Debug|Any CPU.Build.0 = Debug|Any CPU
		{1E15C3B0-41A8-4157-9E37-D97E62606172}.Release|Any CPU.ActiveCfg = Release|Any CPU
		{1E15C3B0-41A8-4157-9E37-D97E62606172}.Release|Any CPU.Build.0 = Release|Any CPU
		{563F18B8-56BD-4BEC-A7C8-82A9A4790596}.Debug|Any CPU.ActiveCfg = Debug|Any CPU
		{563F18B8-56BD-4BEC-A7C8-82A9A4790596}.Debug|Any CPU.Build.0 = Debug|Any CPU
		{563F18B8-56BD-4BEC-A7C8-82A9A4790596}.Release|Any CPU.ActiveCfg = Release|Any CPU
		{563F18B8-56BD-4BEC-A7C8-82A9A4790596}.Release|Any CPU.Build.0 = Release|Any CPU
		{E1A04922-8D73-453C-B45E-A942810FF5EA}.Debug|Any CPU.ActiveCfg = Debug|Any CPU
		{E1A04922-8D73-453C-B45E-A942810FF5EA}.Debug|Any CPU.Build.0 = Debug|Any CPU
		{E1A04922-8D73-453C-B45E-A942810FF5EA}.Release|Any CPU.ActiveCfg = Release|Any CPU
		{E1A04922-8D73-453C-B45E-A942810FF5EA}.Release|Any CPU.Build.0 = Release|Any CPU
		{C3BE9509-5F5A-400A-A92E-2694571EA591}.Debug|Any CPU.ActiveCfg = Debug|Any CPU
		{C3BE9509-5F5A-400A-A92E-2694571EA591}.Debug|Any CPU.Build.0 = Debug|Any CPU
		{C3BE9509-5F5A-400A-A92E-2694571EA591}.Release|Any CPU.ActiveCfg = Release|Any CPU
		{C3BE9509-5F5A-400A-A92E-2694571EA591}.Release|Any CPU.Build.0 = Release|Any CPU
		{6A5CB3D5-451F-4BCE-844C-10F13C81FA73}.Debug|Any CPU.ActiveCfg = Debug|Any CPU
		{6A5CB3D5-451F-4BCE-844C-10F13C81FA73}.Debug|Any CPU.Build.0 = Debug|Any CPU
		{6A5CB3D5-451F-4BCE-844C-10F13C81FA73}.Release|Any CPU.ActiveCfg = Release|Any CPU
		{6A5CB3D5-451F-4BCE-844C-10F13C81FA73}.Release|Any CPU.Build.0 = Release|Any CPU
		{E67BE434-47AA-4795-9E7F-61F0A2C69FC6}.Debug|Any CPU.ActiveCfg = Debug|Any CPU
		{E67BE434-47AA-4795-9E7F-61F0A2C69FC6}.Debug|Any CPU.Build.0 = Debug|Any CPU
		{E67BE434-47AA-4795-9E7F-61F0A2C69FC6}.Release|Any CPU.ActiveCfg = Release|Any CPU
		{E67BE434-47AA-4795-9E7F-61F0A2C69FC6}.Release|Any CPU.Build.0 = Release|Any CPU
		{737CD139-EDF2-4BA4-8487-5DAE00499795}.Debug|Any CPU.ActiveCfg = Debug|Any CPU
		{737CD139-EDF2-4BA4-8487-5DAE00499795}.Debug|Any CPU.Build.0 = Debug|Any CPU
		{737CD139-EDF2-4BA4-8487-5DAE00499795}.Release|Any CPU.ActiveCfg = Release|Any CPU
		{737CD139-EDF2-4BA4-8487-5DAE00499795}.Release|Any CPU.Build.0 = Release|Any CPU
		{F1FBEE12-698C-4449-AF78-01BEC8792256}.Debug|Any CPU.ActiveCfg = Debug|Any CPU
		{F1FBEE12-698C-4449-AF78-01BEC8792256}.Debug|Any CPU.Build.0 = Debug|Any CPU
		{F1FBEE12-698C-4449-AF78-01BEC8792256}.Release|Any CPU.ActiveCfg = Release|Any CPU
		{F1FBEE12-698C-4449-AF78-01BEC8792256}.Release|Any CPU.Build.0 = Release|Any CPU
		{2E4E07A2-38CE-4CA2-A303-7B1282C360FE}.Debug|Any CPU.ActiveCfg = Debug|Any CPU
		{2E4E07A2-38CE-4CA2-A303-7B1282C360FE}.Debug|Any CPU.Build.0 = Debug|Any CPU
		{2E4E07A2-38CE-4CA2-A303-7B1282C360FE}.Release|Any CPU.ActiveCfg = Release|Any CPU
		{2E4E07A2-38CE-4CA2-A303-7B1282C360FE}.Release|Any CPU.Build.0 = Release|Any CPU
		{FD2F129D-C981-412F-BA59-F37298309111}.Debug|Any CPU.ActiveCfg = Debug|Any CPU
		{FD2F129D-C981-412F-BA59-F37298309111}.Debug|Any CPU.Build.0 = Debug|Any CPU
		{FD2F129D-C981-412F-BA59-F37298309111}.Release|Any CPU.ActiveCfg = Release|Any CPU
		{FD2F129D-C981-412F-BA59-F37298309111}.Release|Any CPU.Build.0 = Release|Any CPU
		{44E11280-9F23-48EC-B6B6-1D1C31101A06}.Debug|Any CPU.ActiveCfg = Debug|Any CPU
		{44E11280-9F23-48EC-B6B6-1D1C31101A06}.Debug|Any CPU.Build.0 = Debug|Any CPU
		{44E11280-9F23-48EC-B6B6-1D1C31101A06}.Release|Any CPU.ActiveCfg = Release|Any CPU
		{44E11280-9F23-48EC-B6B6-1D1C31101A06}.Release|Any CPU.Build.0 = Release|Any CPU
		{E4C5B8FA-DC1F-4F07-B489-4155BD74EAFD}.Debug|Any CPU.ActiveCfg = Debug|Any CPU
		{E4C5B8FA-DC1F-4F07-B489-4155BD74EAFD}.Debug|Any CPU.Build.0 = Debug|Any CPU
		{E4C5B8FA-DC1F-4F07-B489-4155BD74EAFD}.Release|Any CPU.ActiveCfg = Release|Any CPU
		{E4C5B8FA-DC1F-4F07-B489-4155BD74EAFD}.Release|Any CPU.Build.0 = Release|Any CPU
	EndGlobalSection
	GlobalSection(SolutionProperties) = preSolution
		HideSolutionNode = FALSE
	EndGlobalSection
	GlobalSection(NestedProjects) = preSolution
		{8F5D72E2-40D7-4D2B-8A54-DA3CC49AE7D6} = {62E9BD88-F432-42A9-88C9-37E6B086ADB3}
		{A5B47891-00DE-471C-8C09-680E9699B732} = {62E9BD88-F432-42A9-88C9-37E6B086ADB3}
		{9F1F2B77-2AD0-4E29-832E-64D2CDD98EE7} = {62E9BD88-F432-42A9-88C9-37E6B086ADB3}
		{E267F98C-18DE-46DD-B820-26307C3B2B72} = {B4B4F1E0-8A2B-44AB-81E2-D255487A3D00}
		{7F21AF72-83AD-42F5-B224-5B00691B2A87} = {B4B4F1E0-8A2B-44AB-81E2-D255487A3D00}
		{EB08FFD3-6E63-4D45-8854-2554CFA596AB} = {B4B4F1E0-8A2B-44AB-81E2-D255487A3D00}
		{793D2EE5-5C10-4B92-9371-002A5E097785} = {B4B4F1E0-8A2B-44AB-81E2-D255487A3D00}
		{23ACCF40-4B36-46C0-BF3D-4D16794DC0EF} = {B4B4F1E0-8A2B-44AB-81E2-D255487A3D00}
		{9590C625-3E52-44F8-803F-F85BE5620D0E} = {B4B4F1E0-8A2B-44AB-81E2-D255487A3D00}
		{DD0BBF2B-54A9-4687-97D4-72FC8C45FA73} = {B4B4F1E0-8A2B-44AB-81E2-D255487A3D00}
		{98433C39-C615-4040-8DEB-0B9E09F4E77C} = {B4B4F1E0-8A2B-44AB-81E2-D255487A3D00}
		{AA24E6A3-DADD-4724-8BE9-29F3C2017D24} = {B4B4F1E0-8A2B-44AB-81E2-D255487A3D00}
		{9BC29A3B-3BDB-49D5-91BC-D7FDFAFFC84E} = {B4B4F1E0-8A2B-44AB-81E2-D255487A3D00}
		{87C53504-30EF-4798-9E62-FEC13B5B6DCB} = {B4B4F1E0-8A2B-44AB-81E2-D255487A3D00}
		{EA877D18-5787-4094-9ED7-93CDE04972D0} = {B4B4F1E0-8A2B-44AB-81E2-D255487A3D00}
		{3A1A60C9-3A8B-4E1C-A960-A9348E8AB297} = {B4B4F1E0-8A2B-44AB-81E2-D255487A3D00}
		{C4DAD9B8-06BF-4ABB-81CA-D4262118832D} = {B4B4F1E0-8A2B-44AB-81E2-D255487A3D00}
		{808E1F1F-91E4-4B39-82DE-68A6656C66B1} = {B4B4F1E0-8A2B-44AB-81E2-D255487A3D00}
		{CD83123D-E36A-40E8-9639-307E7B04C518} = {B4B4F1E0-8A2B-44AB-81E2-D255487A3D00}
		{2DB8A55C-C756-4003-BD77-349F60C0FC61} = {AF788BD3-CD5E-453B-8266-F44DB5E022FB}
		{5A1974B3-1607-4201-8A02-AA2F61B96F60} = {AF788BD3-CD5E-453B-8266-F44DB5E022FB}
		{27CB44AD-1CFC-4FC1-9CA5-FB5D1856A1E5} = {AF788BD3-CD5E-453B-8266-F44DB5E022FB}
		{01BE7390-7E12-4ABC-B88D-450F84050031} = {AF788BD3-CD5E-453B-8266-F44DB5E022FB}
		{48EA20C0-FE01-44D0-8651-47DAA5908CB2} = {AF788BD3-CD5E-453B-8266-F44DB5E022FB}
		{28631C78-D967-43B7-9486-67C56480431C} = {AF788BD3-CD5E-453B-8266-F44DB5E022FB}
		{EE323E88-BE0C-4FD5-AEFF-EAD2435FC320} = {AF788BD3-CD5E-453B-8266-F44DB5E022FB}
		{4FF5AE93-22E7-44F3-B75C-A76D13D73AD2} = {AF788BD3-CD5E-453B-8266-F44DB5E022FB}
		{489D1A8E-E6BC-42D3-BE96-952F058196FB} = {AF788BD3-CD5E-453B-8266-F44DB5E022FB}
		{380D75DE-27C0-4DE8-A332-E544F80BE890} = {AF788BD3-CD5E-453B-8266-F44DB5E022FB}
		{2E0A2316-7386-4977-8388-74D5C7944D32} = {A8D47BFD-62F1-4550-9D51-7B07CA477E2A}
		{5A01BC08-2D6A-472C-88DF-A1D7DD4BABBB} = {A8D47BFD-62F1-4550-9D51-7B07CA477E2A}
		{01EC96EF-4D79-40A8-9FDE-FD6E8135224A} = {A8D47BFD-62F1-4550-9D51-7B07CA477E2A}
		{36A17A83-7B80-4AEE-A459-8F0E3D9507E8} = {B4B4F1E0-8A2B-44AB-81E2-D255487A3D00}
		{AF1A7B63-21AE-4A50-9F2D-30902223DA49} = {AF788BD3-CD5E-453B-8266-F44DB5E022FB}
		{9746ABC8-C62A-40E5-9226-10BBC27A0F84} = {A8D47BFD-62F1-4550-9D51-7B07CA477E2A}
		{D2A52A95-0361-4DA4-9094-38A57CBE7FB0} = {AF788BD3-CD5E-453B-8266-F44DB5E022FB}
		{3A046AFD-514C-4ACF-8CC5-2D428E9A5CDC} = {A8D47BFD-62F1-4550-9D51-7B07CA477E2A}
		{9120C729-8631-4AF3-A14D-95049EC4226D} = {A8D47BFD-62F1-4550-9D51-7B07CA477E2A}
		{D7A22A54-C02F-43D4-BAE6-1169212F78AC} = {A8D47BFD-62F1-4550-9D51-7B07CA477E2A}
		{AC8C4884-4BA3-4E68-AE92-BA9F79D1F333} = {D3F19E22-A03C-4E8A-8EEE-7580D576011E}
		{6E702D29-0926-45A4-B080-1510EE6DA0C9} = {D3F19E22-A03C-4E8A-8EEE-7580D576011E}
		{9C338053-6E07-4E9D-B0AE-D5E5D0041751} = {D3F19E22-A03C-4E8A-8EEE-7580D576011E}
		{F1C00AFC-1024-4186-82CE-2BD8A565D5A4} = {D3F19E22-A03C-4E8A-8EEE-7580D576011E}
		{F98D440D-48FE-49C8-9570-A8252350E638} = {D3F19E22-A03C-4E8A-8EEE-7580D576011E}
		{ECF2675F-9A3C-4833-9D46-DE4935685019} = {225AAA05-E57E-48C5-ADF2-0BDB7B6438BB}
		{C9C8FA54-D045-493C-B8AC-733ECF417469} = {6847D686-5763-4047-BF93-E3DF74C66FDB}
		{32398A75-00CA-4042-9A62-19383D593D4E} = {6847D686-5763-4047-BF93-E3DF74C66FDB}
		{CC8EF278-96B7-4CFE-9F2C-9E343A19AFFC} = {6847D686-5763-4047-BF93-E3DF74C66FDB}
		{B074C036-7AA2-4FB2-9095-E4E29AD64345} = {6847D686-5763-4047-BF93-E3DF74C66FDB}
		{A4C1F194-7F1A-4E7C-B429-138907FD3420} = {6847D686-5763-4047-BF93-E3DF74C66FDB}
		{3B7C9C28-86A3-4ABA-99A6-46723E5794CB} = {6847D686-5763-4047-BF93-E3DF74C66FDB}
		{85C3C3B6-AE0F-43AA-9A7B-7DAE9736A4BB} = {6847D686-5763-4047-BF93-E3DF74C66FDB}
		{60835766-7696-4381-B842-C5F4F3AFF871} = {92EE29FF-2E53-4B2F-B11F-A97C51C863AD}
		{85E89F32-1712-47CD-9782-50CA4AD356C9} = {92EE29FF-2E53-4B2F-B11F-A97C51C863AD}
		{055826DC-7B18-4858-A614-591880D18599} = {92EE29FF-2E53-4B2F-B11F-A97C51C863AD}
		{EC773952-A6A4-4475-84F0-FCF1EAFF2DB1} = {92EE29FF-2E53-4B2F-B11F-A97C51C863AD}
		{BE5DED21-4265-46F0-AB2B-E3C2C6640255} = {92EE29FF-2E53-4B2F-B11F-A97C51C863AD}
		{8967E640-160F-499B-AF37-67666E7D2EB1} = {92EE29FF-2E53-4B2F-B11F-A97C51C863AD}
		{38DF0E9E-DE51-436A-9AC0-0D666CE57CDE} = {6811249B-03A0-4974-B315-EBAE021F787D}
		{01FF5355-C61B-49C0-9090-E361B7FE389B} = {255AC506-95CD-4A68-8BC4-8BC31522E774}
		{60424C0F-2B42-4EB9-A2CF-BCA2443E93C3} = {D6ABEF3C-94A5-4327-9110-FE3E97A57BDE}
		{CDB2C9A4-925A-4EC4-ACC6-558DCCF66749} = {D6ABEF3C-94A5-4327-9110-FE3E97A57BDE}
		{5D023E9D-0E12-497E-8451-CC4C18E71406} = {D6ABEF3C-94A5-4327-9110-FE3E97A57BDE}
		{BF602845-CBE3-474A-B3A6-815143551B86} = {C6D2767E-2E46-4CCE-BDEA-0C3D9CF1BB34}
		{4564EF1F-4A53-4855-A8F0-C42D8CF09008} = {5830675D-D446-4D76-AE72-14DB63252EE8}
		{F78790E8-3756-48A6-B0AB-FB7D56252458} = {5830675D-D446-4D76-AE72-14DB63252EE8}
		{664F6E11-8E1F-4A9C-9FAD-DCCCF5C98FCB} = {46731ECA-AFAB-4846-9E32-AB563D8F65BA}
		{DF6C5C94-EAA4-4E8D-9394-AD6BD643FB4F} = {46731ECA-AFAB-4846-9E32-AB563D8F65BA}
		{F2553714-27A2-4AD1-AA89-DD2486DCB69F} = {F024CE68-9888-46D8-904B-25D3F6A8F67D}
		{1E15C3B0-41A8-4157-9E37-D97E62606172} = {F024CE68-9888-46D8-904B-25D3F6A8F67D}
		{563F18B8-56BD-4BEC-A7C8-82A9A4790596} = {23F1C03F-E919-4C5A-B481-BCB0BD552A25}
		{E1A04922-8D73-453C-B45E-A942810FF5EA} = {23B7DFA0-326B-4BBB-8546-D2EA2C3C2498}
		{C3BE9509-5F5A-400A-A92E-2694571EA591} = {837CA939-6148-490A-A154-DA1C631746E5}
		{6A5CB3D5-451F-4BCE-844C-10F13C81FA73} = {837CA939-6148-490A-A154-DA1C631746E5}
		{E67BE434-47AA-4795-9E7F-61F0A2C69FC6} = {837CA939-6148-490A-A154-DA1C631746E5}
		{737CD139-EDF2-4BA4-8487-5DAE00499795} = {837CA939-6148-490A-A154-DA1C631746E5}
		{F1FBEE12-698C-4449-AF78-01BEC8792256} = {941A13A7-1BEB-4522-BE64-2630A9164F5C}
		{2E4E07A2-38CE-4CA2-A303-7B1282C360FE} = {941A13A7-1BEB-4522-BE64-2630A9164F5C}
		{FD2F129D-C981-412F-BA59-F37298309111} = {4CE7D6B5-F30A-4D7A-A6CF-6AC735B4DB6E}
		{44E11280-9F23-48EC-B6B6-1D1C31101A06} = {4CE7D6B5-F30A-4D7A-A6CF-6AC735B4DB6E}
		{E4C5B8FA-DC1F-4F07-B489-4155BD74EAFD} = {4CE7D6B5-F30A-4D7A-A6CF-6AC735B4DB6E}
	EndGlobalSection
	GlobalSection(ExtensibilityGlobals) = postSolution
		SolutionGuid = {C5E4B29E-10B3-45A3-BEC5-A6FE4C1A4095}
	EndGlobalSection
EndGlobal
