
Microsoft Visual Studio Solution File, Format Version 12.00
# Visual Studio Version 17
VisualStudioVersion = 17.6.33723.286
MinimumVisualStudioVersion = 10.0.40219.1
Project("{FAE04EC0-301F-11D3-BF4B-00C04F79EFBC}") = "Udemy.WebServisTestConsole", "Udemy.WebServisTestConsole\Udemy.WebServisTestConsole.csproj", "{C5741D5C-D80E-42B7-82EB-1364F7DC032F}"
EndProject
Global
	GlobalSection(SolutionConfigurationPlatforms) = preSolution
		Debug|Any CPU = Debug|Any CPU
		Release|Any CPU = Release|Any CPU
	EndGlobalSection
	GlobalSection(ProjectConfigurationPlatforms) = postSolution
		{C5741D5C-D80E-42B7-82EB-1364F7DC032F}.Debug|Any CPU.ActiveCfg = Debug|Any CPU
		{C5741D5C-D80E-42B7-82EB-1364F7DC032F}.Debug|Any CPU.Build.0 = Debug|Any CPU
		{C5741D5C-D80E-42B7-82EB-1364F7DC032F}.Release|Any CPU.ActiveCfg = Release|Any CPU
		{C5741D5C-D80E-42B7-82EB-1364F7DC032F}.Release|Any CPU.Build.0 = Release|Any CPU
	EndGlobalSection
	GlobalSection(SolutionProperties) = preSolution
		HideSolutionNode = FALSE
	EndGlobalSection
	GlobalSection(ExtensibilityGlobals) = postSolution
		SolutionGuid = {E134B974-0BA4-4026-81F9-7287A1FA4983}
	EndGlobalSection
EndGlobal
