
Microsoft Visual Studio Solution File, Format Version 12.00
# Visual Studio Version 17
VisualStudioVersion = 17.6.33723.286
MinimumVisualStudioVersion = 10.0.40219.1
Project("{FAE04EC0-301F-11D3-BF4B-00C04F79EFBC}") = "TCKimlikNumarasiDogrulamaUygulamasi", "TCKimlikNumarasiDogrulamaUygulamasi\TCKimlikNumarasiDogrulamaUygulamasi.csproj", "{8B0B3134-F8E2-4B57-AE34-88244DA1112D}"
EndProject
Global
	GlobalSection(SolutionConfigurationPlatforms) = preSolution
		Debug|Any CPU = Debug|Any CPU
		Release|Any CPU = Release|Any CPU
	EndGlobalSection
	GlobalSection(ProjectConfigurationPlatforms) = postSolution
		{8B0B3134-F8E2-4B57-AE34-88244DA1112D}.Debug|Any CPU.ActiveCfg = Debug|Any CPU
		{8B0B3134-F8E2-4B57-AE34-88244DA1112D}.Debug|Any CPU.Build.0 = Debug|Any CPU
		{8B0B3134-F8E2-4B57-AE34-88244DA1112D}.Release|Any CPU.ActiveCfg = Release|Any CPU
		{8B0B3134-F8E2-4B57-AE34-88244DA1112D}.Release|Any CPU.Build.0 = Release|Any CPU
	EndGlobalSection
	GlobalSection(SolutionProperties) = preSolution
		HideSolutionNode = FALSE
	EndGlobalSection
	GlobalSection(ExtensibilityGlobals) = postSolution
		SolutionGuid = {70428EF9-7305-40D4-8829-DDAB42F16263}
	EndGlobalSection
EndGlobal
