
Microsoft Visual Studio Solution File, Format Version 12.00
# Visual Studio Version 17
VisualStudioVersion = 17.6.33723.286
MinimumVisualStudioVersion = 10.0.40219.1
Project("{FAE04EC0-301F-11D3-BF4B-00C04F79EFBC}") = "Udemy.WebServisAspNetTest", "Udemy.WebServisAspNetTest\Udemy.WebServisAspNetTest.csproj", "{052DC7AF-5388-4AFD-83D3-E3E211AE9FE7}"
EndProject
Global
	GlobalSection(SolutionConfigurationPlatforms) = preSolution
		Debug|Any CPU = Debug|Any CPU
		Release|Any CPU = Release|Any CPU
	EndGlobalSection
	GlobalSection(ProjectConfigurationPlatforms) = postSolution
		{052DC7AF-5388-4AFD-83D3-E3E211AE9FE7}.Debug|Any CPU.ActiveCfg = Debug|Any CPU
		{052DC7AF-5388-4AFD-83D3-E3E211AE9FE7}.Debug|Any CPU.Build.0 = Debug|Any CPU
		{052DC7AF-5388-4AFD-83D3-E3E211AE9FE7}.Release|Any CPU.ActiveCfg = Release|Any CPU
		{052DC7AF-5388-4AFD-83D3-E3E211AE9FE7}.Release|Any CPU.Build.0 = Release|Any CPU
	EndGlobalSection
	GlobalSection(SolutionProperties) = preSolution
		HideSolutionNode = FALSE
	EndGlobalSection
	GlobalSection(ExtensibilityGlobals) = postSolution
		SolutionGuid = {FB8FA5B8-A9C6-4342-87BC-C715A2C978AB}
	EndGlobalSection
EndGlobal
