
Microsoft Visual Studio Solution File, Format Version 12.00
# Visual Studio Version 17
VisualStudioVersion = 17.6.33723.286
MinimumVisualStudioVersion = 10.0.40219.1
Project("{FAE04EC0-301F-11D3-BF4B-00C04F79EFBC}") = "Udemy.TopluMail.Core", "Udemy.TopluMail.Core\Udemy.TopluMail.Core.csproj", "{D9C271DF-4CEE-4F51-A58E-FBEC8B6C621A}"
EndProject
Project("{FAE04EC0-301F-11D3-BF4B-00C04F79EFBC}") = "Udemy.TopluMail.Entities", "Udemy.TopluMail.Entities\Udemy.TopluMail.Entities.csproj", "{10D57C9D-82CD-4432-B103-F8C1F90B3E76}"
EndProject
Project("{FAE04EC0-301F-11D3-BF4B-00C04F79EFBC}") = "Udemy.TopluMail.ConsoleApp", "Udemy.TopluMail.ConsoleApp\Udemy.TopluMail.ConsoleApp.csproj", "{4E0F4B47-145A-4B42-9A3E-35EF26A195FB}"
EndProject
Project("{FAE04EC0-301F-11D3-BF4B-00C04F79EFBC}") = "Udemy.TopluMail.Goruntule", "Udemy.TopluMail.Goruntule\Udemy.TopluMail.Goruntule.csproj", "{4541716E-58DD-4003-B52E-EFA6CDF31F30}"
EndProject
Project("{FAE04EC0-301F-11D3-BF4B-00C04F79EFBC}") = "Udemy.TopluMail.WinServis", "Udemy.TopluMail.WinServis\Udemy.TopluMail.WinServis.csproj", "{89414BA1-E972-45BA-BB88-A880B09EF16A}"
EndProject
Project("{FAE04EC0-301F-11D3-BF4B-00C04F79EFBC}") = "Udemy.TopluMail.W3", "Udemy.TopluMail.W3\Udemy.TopluMail.W3.csproj", "{7126BA02-D3A0-4531-82E9-37B136135F33}"
EndProject
Project("{2150E333-8FDC-42A3-9474-1A3956D46DE8}") = "Solution Items", "Solution Items", "{7885B8BC-ABBA-4C14-BF2F-B89F1D348236}"
	ProjectSection(SolutionItems) = preProject
		SqlSorgulari.sql = SqlSorgulari.sql
	EndProjectSection
EndProject
Global
	GlobalSection(SolutionConfigurationPlatforms) = preSolution
		Debug|Any CPU = Debug|Any CPU
		Release|Any CPU = Release|Any CPU
	EndGlobalSection
	GlobalSection(ProjectConfigurationPlatforms) = postSolution
		{D9C271DF-4CEE-4F51-A58E-FBEC8B6C621A}.Debug|Any CPU.ActiveCfg = Debug|Any CPU
		{D9C271DF-4CEE-4F51-A58E-FBEC8B6C621A}.Debug|Any CPU.Build.0 = Debug|Any CPU
		{D9C271DF-4CEE-4F51-A58E-FBEC8B6C621A}.Release|Any CPU.ActiveCfg = Release|Any CPU
		{D9C271DF-4CEE-4F51-A58E-FBEC8B6C621A}.Release|Any CPU.Build.0 = Release|Any CPU
		{10D57C9D-82CD-4432-B103-F8C1F90B3E76}.Debug|Any CPU.ActiveCfg = Debug|Any CPU
		{10D57C9D-82CD-4432-B103-F8C1F90B3E76}.Debug|Any CPU.Build.0 = Debug|Any CPU
		{10D57C9D-82CD-4432-B103-F8C1F90B3E76}.Release|Any CPU.ActiveCfg = Release|Any CPU
		{10D57C9D-82CD-4432-B103-F8C1F90B3E76}.Release|Any CPU.Build.0 = Release|Any CPU
		{4E0F4B47-145A-4B42-9A3E-35EF26A195FB}.Debug|Any CPU.ActiveCfg = Debug|Any CPU
		{4E0F4B47-145A-4B42-9A3E-35EF26A195FB}.Debug|Any CPU.Build.0 = Debug|Any CPU
		{4E0F4B47-145A-4B42-9A3E-35EF26A195FB}.Release|Any CPU.ActiveCfg = Release|Any CPU
		{4E0F4B47-145A-4B42-9A3E-35EF26A195FB}.Release|Any CPU.Build.0 = Release|Any CPU
		{4541716E-58DD-4003-B52E-EFA6CDF31F30}.Debug|Any CPU.ActiveCfg = Debug|Any CPU
		{4541716E-58DD-4003-B52E-EFA6CDF31F30}.Debug|Any CPU.Build.0 = Debug|Any CPU
		{4541716E-58DD-4003-B52E-EFA6CDF31F30}.Release|Any CPU.ActiveCfg = Release|Any CPU
		{4541716E-58DD-4003-B52E-EFA6CDF31F30}.Release|Any CPU.Build.0 = Release|Any CPU
		{89414BA1-E972-45BA-BB88-A880B09EF16A}.Debug|Any CPU.ActiveCfg = Debug|Any CPU
		{89414BA1-E972-45BA-BB88-A880B09EF16A}.Debug|Any CPU.Build.0 = Debug|Any CPU
		{89414BA1-E972-45BA-BB88-A880B09EF16A}.Release|Any CPU.ActiveCfg = Release|Any CPU
		{89414BA1-E972-45BA-BB88-A880B09EF16A}.Release|Any CPU.Build.0 = Release|Any CPU
		{7126BA02-D3A0-4531-82E9-37B136135F33}.Debug|Any CPU.ActiveCfg = Debug|Any CPU
		{7126BA02-D3A0-4531-82E9-37B136135F33}.Debug|Any CPU.Build.0 = Debug|Any CPU
		{7126BA02-D3A0-4531-82E9-37B136135F33}.Release|Any CPU.ActiveCfg = Release|Any CPU
		{7126BA02-D3A0-4531-82E9-37B136135F33}.Release|Any CPU.Build.0 = Release|Any CPU
	EndGlobalSection
	GlobalSection(SolutionProperties) = preSolution
		HideSolutionNode = FALSE
	EndGlobalSection
	GlobalSection(ExtensibilityGlobals) = postSolution
		SolutionGuid = {E0482F96-6297-475D-A1DD-F51BC6F0B319}
	EndGlobalSection
EndGlobal
