
Microsoft Visual Studio Solution File, Format Version 12.00
# Visual Studio 14
VisualStudioVersion = 14.0.25420.1
MinimumVisualStudioVersion = 10.0.40219.1
Project("{FAE04EC0-301F-11D3-BF4B-00C04F79EFBC}") = "Udemy.Core", "Udemy.Core\Udemy.Core.csproj", "{43DD8857-9174-4082-A596-3BDFF2881FBE}"
EndProject
Project("{FAE04EC0-301F-11D3-BF4B-00C04F79EFBC}") = "Udemy.BLL", "Udemy.BLL\Udemy.BLL.csproj", "{38081BFC-EC97-4EA4-AB1D-46A48E4F6E4C}"
EndProject
Project("{FAE04EC0-301F-11D3-BF4B-00C04F79EFBC}") = "Udemy.Entities", "Udemy.Entities\Udemy.Entities.csproj", "{2A693E50-1A8C-4119-82B7-8FB7EA59F900}"
EndProject
Project("{FAE04EC0-301F-11D3-BF4B-00C04F79EFBC}") = "Udemy.WFUI", "Udemy.WFUI\Udemy.WFUI.csproj", "{99BD1178-2F12-4052-B60C-DCB6A12DC31E}"
EndProject
Global
	GlobalSection(SolutionConfigurationPlatforms) = preSolution
		Debug|Any CPU = Debug|Any CPU
		Release|Any CPU = Release|Any CPU
	EndGlobalSection
	GlobalSection(ProjectConfigurationPlatforms) = postSolution
		{43DD8857-9174-4082-A596-3BDFF2881FBE}.Debug|Any CPU.ActiveCfg = Debug|Any CPU
		{43DD8857-9174-4082-A596-3BDFF2881FBE}.Debug|Any CPU.Build.0 = Debug|Any CPU
		{43DD8857-9174-4082-A596-3BDFF2881FBE}.Release|Any CPU.ActiveCfg = Release|Any CPU
		{43DD8857-9174-4082-A596-3BDFF2881FBE}.Release|Any CPU.Build.0 = Release|Any CPU
		{38081BFC-EC97-4EA4-AB1D-46A48E4F6E4C}.Debug|Any CPU.ActiveCfg = Debug|Any CPU
		{38081BFC-EC97-4EA4-AB1D-46A48E4F6E4C}.Debug|Any CPU.Build.0 = Debug|Any CPU
		{38081BFC-EC97-4EA4-AB1D-46A48E4F6E4C}.Release|Any CPU.ActiveCfg = Release|Any CPU
		{38081BFC-EC97-4EA4-AB1D-46A48E4F6E4C}.Release|Any CPU.Build.0 = Release|Any CPU
		{2A693E50-1A8C-4119-82B7-8FB7EA59F900}.Debug|Any CPU.ActiveCfg = Debug|Any CPU
		{2A693E50-1A8C-4119-82B7-8FB7EA59F900}.Debug|Any CPU.Build.0 = Debug|Any CPU
		{2A693E50-1A8C-4119-82B7-8FB7EA59F900}.Release|Any CPU.ActiveCfg = Release|Any CPU
		{2A693E50-1A8C-4119-82B7-8FB7EA59F900}.Release|Any CPU.Build.0 = Release|Any CPU
		{99BD1178-2F12-4052-B60C-DCB6A12DC31E}.Debug|Any CPU.ActiveCfg = Debug|Any CPU
		{99BD1178-2F12-4052-B60C-DCB6A12DC31E}.Debug|Any CPU.Build.0 = Debug|Any CPU
		{99BD1178-2F12-4052-B60C-DCB6A12DC31E}.Release|Any CPU.ActiveCfg = Release|Any CPU
		{99BD1178-2F12-4052-B60C-DCB6A12DC31E}.Release|Any CPU.Build.0 = Release|Any CPU
	EndGlobalSection
	GlobalSection(SolutionProperties) = preSolution
		HideSolutionNode = FALSE
	EndGlobalSection
EndGlobal
